// !$*UTF8*$!
{
	archiveVersion = 1;
	classes = {
	};
	objectVersion = 46;
	objects = {

/* Begin PBXBuildFile section */
		F104DB7D19FA0DA300C964B3 /* CBConstants.m in Sources */ = {isa = PBXBuildFile; fileRef = F104DB7C19FA0DA300C964B3 /* CBConstants.m */; };
		F104DB8019FA2DA800C964B3 /* Item_code.m in Sources */ = {isa = PBXBuildFile; fileRef = F104DB7F19FA2DA800C964B3 /* Item_code.m */; };
		F111445319EEDD7A00C637AB /* User.m in Sources */ = {isa = PBXBuildFile; fileRef = F111445219EEDD7A00C637AB /* User.m */; };
		F111445619EEDDD500C637AB /* Address.m in Sources */ = {isa = PBXBuildFile; fileRef = F111445519EEDDD500C637AB /* Address.m */; };
		F113748319F7841000E9A27F /* TermsViewController.m in Sources */ = {isa = PBXBuildFile; fileRef = F113748219F7841000E9A27F /* TermsViewController.m */; };
		F113748619F78DA700E9A27F /* DeliverDatePickerViewController.m in Sources */ = {isa = PBXBuildFile; fileRef = F113748519F78DA700E9A27F /* DeliverDatePickerViewController.m */; };
		F113748919F78ED500E9A27F /* PickupDatePickerViewController.m in Sources */ = {isa = PBXBuildFile; fileRef = F113748819F78ED500E9A27F /* PickupDatePickerViewController.m */; };
		F113748C19F7FB4500E9A27F /* Security.framework in Frameworks */ = {isa = PBXBuildFile; fileRef = F113748A19F7F8F500E9A27F /* Security.framework */; };
		F113748F19F7FBA300E9A27F /* Keychain.m in Sources */ = {isa = PBXBuildFile; fileRef = F113748E19F7FBA300E9A27F /* Keychain.m */; };
		F113749219F8D46E00E9A27F /* UIView+CBView.m in Sources */ = {isa = PBXBuildFile; fileRef = F113749119F8D46E00E9A27F /* UIView+CBView.m */; };
		F133212A19F340AE00C52D20 /* ic_calc_blouse@2x.png in Resources */ = {isa = PBXBuildFile; fileRef = F133210E19F340AE00C52D20 /* ic_calc_blouse@2x.png */; };
		F133212B19F340AE00C52D20 /* ic_calc_coat@2x.png in Resources */ = {isa = PBXBuildFile; fileRef = F133210F19F340AE00C52D20 /* ic_calc_coat@2x.png */; };
		F133212C19F340AE00C52D20 /* ic_calc_etc@2x.png in Resources */ = {isa = PBXBuildFile; fileRef = F133211019F340AE00C52D20 /* ic_calc_etc@2x.png */; };
		F133212D19F340AE00C52D20 /* ic_calc_onepiece@2x.png in Resources */ = {isa = PBXBuildFile; fileRef = F133211119F340AE00C52D20 /* ic_calc_onepiece@2x.png */; };
		F133212E19F340AE00C52D20 /* ic_calc_skirtpants@2x.png in Resources */ = {isa = PBXBuildFile; fileRef = F133211219F340AE00C52D20 /* ic_calc_skirtpants@2x.png */; };
		F133212F19F340AE00C52D20 /* ic_calc_suit@2x.png in Resources */ = {isa = PBXBuildFile; fileRef = F133211319F340AE00C52D20 /* ic_calc_suit@2x.png */; };
		F133213019F340AE00C52D20 /* ic_calc_yshirt@2x.png in Resources */ = {isa = PBXBuildFile; fileRef = F133211419F340AE00C52D20 /* ic_calc_yshirt@2x.png */; };
		F133213119F340AE00C52D20 /* ic_menu_coupon_01@2x.png in Resources */ = {isa = PBXBuildFile; fileRef = F133211619F340AE00C52D20 /* ic_menu_coupon_01@2x.png */; };
		F133213219F340AE00C52D20 /* ic_menu_coupon_02@2x.png in Resources */ = {isa = PBXBuildFile; fileRef = F133211719F340AE00C52D20 /* ic_menu_coupon_02@2x.png */; };
		F133213319F340AE00C52D20 /* ic_menu_order_01@2x.png in Resources */ = {isa = PBXBuildFile; fileRef = F133211819F340AE00C52D20 /* ic_menu_order_01@2x.png */; };
		F133213419F340AE00C52D20 /* ic_menu_order_02@2x.png in Resources */ = {isa = PBXBuildFile; fileRef = F133211919F340AE00C52D20 /* ic_menu_order_02@2x.png */; };
		F133213519F340AE00C52D20 /* ic_menu_pricelist_01@2x.png in Resources */ = {isa = PBXBuildFile; fileRef = F133211A19F340AE00C52D20 /* ic_menu_pricelist_01@2x.png */; };
		F133213619F340AE00C52D20 /* ic_menu_pricelist_02@2x.png in Resources */ = {isa = PBXBuildFile; fileRef = F133211B19F340AE00C52D20 /* ic_menu_pricelist_02@2x.png */; };
		F133213719F340AE00C52D20 /* ic_menu_progress_01@2x.png in Resources */ = {isa = PBXBuildFile; fileRef = F133211C19F340AE00C52D20 /* ic_menu_progress_01@2x.png */; };
		F133213819F340AE00C52D20 /* ic_menu_progress_02@2x.png in Resources */ = {isa = PBXBuildFile; fileRef = F133211D19F340AE00C52D20 /* ic_menu_progress_02@2x.png */; };
		F133213919F340AE00C52D20 /* tab_account.png in Resources */ = {isa = PBXBuildFile; fileRef = F133211E19F340AE00C52D20 /* tab_account.png */; };
		F133213A19F340AE00C52D20 /* tab_account@2x.png in Resources */ = {isa = PBXBuildFile; fileRef = F133211F19F340AE00C52D20 /* tab_account@2x.png */; };
		F133213B19F340AE00C52D20 /* tab_coupon.png in Resources */ = {isa = PBXBuildFile; fileRef = F133212019F340AE00C52D20 /* tab_coupon.png */; };
		F133213C19F340AE00C52D20 /* tab_coupon@2x.png in Resources */ = {isa = PBXBuildFile; fileRef = F133212119F340AE00C52D20 /* tab_coupon@2x.png */; };
		F133213D19F340AE00C52D20 /* tab_order.png in Resources */ = {isa = PBXBuildFile; fileRef = F133212219F340AE00C52D20 /* tab_order.png */; };
		F133213E19F340AE00C52D20 /* tab_order@2x.png in Resources */ = {isa = PBXBuildFile; fileRef = F133212319F340AE00C52D20 /* tab_order@2x.png */; };
		F133213F19F340AE00C52D20 /* tab_price.png in Resources */ = {isa = PBXBuildFile; fileRef = F133212419F340AE00C52D20 /* tab_price.png */; };
		F133214019F340AE00C52D20 /* tab_price@2x.png in Resources */ = {isa = PBXBuildFile; fileRef = F133212519F340AE00C52D20 /* tab_price@2x.png */; };
		F133214119F340AE00C52D20 /* tab_progress.png in Resources */ = {isa = PBXBuildFile; fileRef = F133212619F340AE00C52D20 /* tab_progress.png */; };
		F133214219F340AE00C52D20 /* tab_progress@2x.png in Resources */ = {isa = PBXBuildFile; fileRef = F133212719F340AE00C52D20 /* tab_progress@2x.png */; };
		F133214319F340AE00C52D20 /* tab_service.png in Resources */ = {isa = PBXBuildFile; fileRef = F133212819F340AE00C52D20 /* tab_service.png */; };
		F133214419F340AE00C52D20 /* tab_service@2x.png in Resources */ = {isa = PBXBuildFile; fileRef = F133212919F340AE00C52D20 /* tab_service@2x.png */; };
		F133214719F3415500C52D20 /* ChooseOtherLaundryViewController.m in Sources */ = {isa = PBXBuildFile; fileRef = F133214619F3415500C52D20 /* ChooseOtherLaundryViewController.m */; };
		F133214B19F344E100C52D20 /* CBOrderTableViewCell.m in Sources */ = {isa = PBXBuildFile; fileRef = F133214A19F344E100C52D20 /* CBOrderTableViewCell.m */; };
		F133214E19F35FAE00C52D20 /* CBTotalPriceView.m in Sources */ = {isa = PBXBuildFile; fileRef = F133214D19F35FAE00C52D20 /* CBTotalPriceView.m */; };
		F133215119F4196600C52D20 /* NSString+CBString.m in Sources */ = {isa = PBXBuildFile; fileRef = F133215019F4196600C52D20 /* NSString+CBString.m */; };
		F133215519F432C100C52D20 /* bg_coupon@2x.png in Resources */ = {isa = PBXBuildFile; fileRef = F133215419F432C100C52D20 /* bg_coupon@2x.png */; };
		F133216119F4607B00C52D20 /* process_0.png in Resources */ = {isa = PBXBuildFile; fileRef = F133215919F4607B00C52D20 /* process_0.png */; };
		F133216219F4607B00C52D20 /* process_1.png in Resources */ = {isa = PBXBuildFile; fileRef = F133215A19F4607B00C52D20 /* process_1.png */; };
		F133216319F4607B00C52D20 /* process_2.png in Resources */ = {isa = PBXBuildFile; fileRef = F133215B19F4607B00C52D20 /* process_2.png */; };
		F133216419F4607B00C52D20 /* process_3.png in Resources */ = {isa = PBXBuildFile; fileRef = F133215C19F4607B00C52D20 /* process_3.png */; };
		F133216519F4607B00C52D20 /* process_4.png in Resources */ = {isa = PBXBuildFile; fileRef = F133215D19F4607B00C52D20 /* process_4.png */; };
		F133216619F4607B00C52D20 /* process_5.png in Resources */ = {isa = PBXBuildFile; fileRef = F133215E19F4607B00C52D20 /* process_5.png */; };
		F133216719F4607B00C52D20 /* process_6.png in Resources */ = {isa = PBXBuildFile; fileRef = F133215F19F4607B00C52D20 /* process_6.png */; };
		F133216819F4607B00C52D20 /* process_empty.png in Resources */ = {isa = PBXBuildFile; fileRef = F133216019F4607B00C52D20 /* process_empty.png */; };
		F133216C19F5976D00C52D20 /* OrderDetailViewController.m in Sources */ = {isa = PBXBuildFile; fileRef = F133216B19F5976D00C52D20 /* OrderDetailViewController.m */; };
		F133216F19F5A0B100C52D20 /* PickupInfo.m in Sources */ = {isa = PBXBuildFile; fileRef = F133216E19F5A0B100C52D20 /* PickupInfo.m */; };
		F133217319F5ABB300C52D20 /* CBOrderDetailTableViewCell.m in Sources */ = {isa = PBXBuildFile; fileRef = F133217219F5ABB300C52D20 /* CBOrderDetailTableViewCell.m */; };
		F133217519F5D3A200C52D20 /* process_profile.png in Resources */ = {isa = PBXBuildFile; fileRef = F133217419F5D3A200C52D20 /* process_profile.png */; };
		F133217A19F5EC7200C52D20 /* LaunchScreen_White.jpg in Resources */ = {isa = PBXBuildFile; fileRef = F133217919F5EC7200C52D20 /* LaunchScreen_White.jpg */; };
		F133217C19F5FE7B00C52D20 /* ic_profile_no.png in Resources */ = {isa = PBXBuildFile; fileRef = F133217B19F5FE7B00C52D20 /* ic_profile_no.png */; };
		F133217E19F64E7000C52D20 /* bg_coupon@2x.png in Resources */ = {isa = PBXBuildFile; fileRef = F133217D19F64E7000C52D20 /* bg_coupon@2x.png */; };
		F133218219F64E9100C52D20 /* CBCouponTableViewCell.m in Sources */ = {isa = PBXBuildFile; fileRef = F133218119F64E9100C52D20 /* CBCouponTableViewCell.m */; };
		F133218619F64F6700C52D20 /* CouponListViewController.m in Sources */ = {isa = PBXBuildFile; fileRef = F133218519F64F6700C52D20 /* CouponListViewController.m */; };
		F14AC23719DE7E00002BCC98 /* main.m in Sources */ = {isa = PBXBuildFile; fileRef = F14AC23619DE7E00002BCC98 /* main.m */; };
		F14AC23A19DE7E00002BCC98 /* AppDelegate.m in Sources */ = {isa = PBXBuildFile; fileRef = F14AC23919DE7E00002BCC98 /* AppDelegate.m */; };
		F14AC23D19DE7E00002BCC98 /* CleanBasket.xcdatamodeld in Sources */ = {isa = PBXBuildFile; fileRef = F14AC23B19DE7E00002BCC98 /* CleanBasket.xcdatamodeld */; };
		F14AC24019DE7E00002BCC98 /* LoginViewController.m in Sources */ = {isa = PBXBuildFile; fileRef = F14AC23F19DE7E00002BCC98 /* LoginViewController.m */; };
		F14AC24519DE7E00002BCC98 /* Images.xcassets in Resources */ = {isa = PBXBuildFile; fileRef = F14AC24419DE7E00002BCC98 /* Images.xcassets */; };
		F14AC25419DE7E00002BCC98 /* CleanBasketTests.m in Sources */ = {isa = PBXBuildFile; fileRef = F14AC25319DE7E00002BCC98 /* CleanBasketTests.m */; };
		F14AC26219DE9AB8002BCC98 /* OrderViewController.m in Sources */ = {isa = PBXBuildFile; fileRef = F14AC26119DE9AB8002BCC98 /* OrderViewController.m */; };
		F14AC26519DE9D9C002BCC98 /* EmailSignUpViewController.m in Sources */ = {isa = PBXBuildFile; fileRef = F14AC26419DE9D9C002BCC98 /* EmailSignUpViewController.m */; };
		F14AC26E19DEB579002BCC98 /* AddressInputViewController.m in Sources */ = {isa = PBXBuildFile; fileRef = F14AC26D19DEB579002BCC98 /* AddressInputViewController.m */; };
		F14AC27119DED279002BCC98 /* FindPasswordViewController.m in Sources */ = {isa = PBXBuildFile; fileRef = F14AC27019DED279002BCC98 /* FindPasswordViewController.m */; };
		F14AC27619DEDEDC002BCC98 /* OrderStatusViewController.m in Sources */ = {isa = PBXBuildFile; fileRef = F14AC27519DEDEDC002BCC98 /* OrderStatusViewController.m */; };
		F14AC27919DEDEE6002BCC98 /* PriceViewController.m in Sources */ = {isa = PBXBuildFile; fileRef = F14AC27819DEDEE6002BCC98 /* PriceViewController.m */; };
		F14AC27C19DEDEEC002BCC98 /* AccountViewController.m in Sources */ = {isa = PBXBuildFile; fileRef = F14AC27B19DEDEEC002BCC98 /* AccountViewController.m */; };
		F14AC27F19DEDEF7002BCC98 /* CouponShareViewController.m in Sources */ = {isa = PBXBuildFile; fileRef = F14AC27E19DEDEF7002BCC98 /* CouponShareViewController.m */; };
		F14AC28219DEDEFE002BCC98 /* ServiceInfoViewController.m in Sources */ = {isa = PBXBuildFile; fileRef = F14AC28119DEDEFE002BCC98 /* ServiceInfoViewController.m */; };
		F14AC28519DEE188002BCC98 /* MyUITabBarController.m in Sources */ = {isa = PBXBuildFile; fileRef = F14AC28419DEE188002BCC98 /* MyUITabBarController.m */; };
		F182336419F91AE9008E6510 /* UILabel+FormattedText.m in Sources */ = {isa = PBXBuildFile; fileRef = F182336319F91AE9008E6510 /* UILabel+FormattedText.m */; };
		F182336619F92674008E6510 /* tab_service_after@2x.png in Resources */ = {isa = PBXBuildFile; fileRef = F182336519F92674008E6510 /* tab_service_after@2x.png */; };
		F182336819F93582008E6510 /* ic_launcher@2x.png in Resources */ = {isa = PBXBuildFile; fileRef = F182336719F93582008E6510 /* ic_launcher@2x.png */; };
		F182336B19F94559008E6510 /* ic_coupon_facebook@2x.png in Resources */ = {isa = PBXBuildFile; fileRef = F182336919F94559008E6510 /* ic_coupon_facebook@2x.png */; };
		F182336C19F9455A008E6510 /* ic_coupon_kakao@2x.png in Resources */ = {isa = PBXBuildFile; fileRef = F182336A19F94559008E6510 /* ic_coupon_kakao@2x.png */; };
		F193D9E419EA78E80051C32A /* CBLabel.m in Sources */ = {isa = PBXBuildFile; fileRef = F193D9E319EA78E80051C32A /* CBLabel.m */; };
		F193D9E719EA82F50051C32A /* CBTableViewCell.m in Sources */ = {isa = PBXBuildFile; fileRef = F193D9E619EA82F50051C32A /* CBTableViewCell.m */; };
		F193D9FC19EBCBA70051C32A /* AFHTTPRequestOperation.m in Sources */ = {isa = PBXBuildFile; fileRef = F193D9EA19EBCBA70051C32A /* AFHTTPRequestOperation.m */; };
		F193D9FD19EBCBA70051C32A /* AFHTTPRequestOperationManager.m in Sources */ = {isa = PBXBuildFile; fileRef = F193D9EC19EBCBA70051C32A /* AFHTTPRequestOperationManager.m */; };
		F193D9FE19EBCBA70051C32A /* AFHTTPSessionManager.m in Sources */ = {isa = PBXBuildFile; fileRef = F193D9EE19EBCBA70051C32A /* AFHTTPSessionManager.m */; };
		F193D9FF19EBCBA70051C32A /* AFNetworkReachabilityManager.m in Sources */ = {isa = PBXBuildFile; fileRef = F193D9F119EBCBA70051C32A /* AFNetworkReachabilityManager.m */; };
		F193DA0019EBCBA70051C32A /* AFSecurityPolicy.m in Sources */ = {isa = PBXBuildFile; fileRef = F193D9F319EBCBA70051C32A /* AFSecurityPolicy.m */; };
		F193DA0119EBCBA70051C32A /* AFURLConnectionOperation.m in Sources */ = {isa = PBXBuildFile; fileRef = F193D9F519EBCBA70051C32A /* AFURLConnectionOperation.m */; };
		F193DA0219EBCBA70051C32A /* AFURLRequestSerialization.m in Sources */ = {isa = PBXBuildFile; fileRef = F193D9F719EBCBA70051C32A /* AFURLRequestSerialization.m */; };
		F193DA0319EBCBA70051C32A /* AFURLResponseSerialization.m in Sources */ = {isa = PBXBuildFile; fileRef = F193D9F919EBCBA70051C32A /* AFURLResponseSerialization.m */; };
		F193DA0419EBCBA70051C32A /* AFURLSessionManager.m in Sources */ = {isa = PBXBuildFile; fileRef = F193D9FB19EBCBA70051C32A /* AFURLSessionManager.m */; };
		F193DA0819EBF1840051C32A /* MBProgressHUD.m in Sources */ = {isa = PBXBuildFile; fileRef = F193DA0619EBF1830051C32A /* MBProgressHUD.m */; };
		F193DA0B19EBF9FE0051C32A /* UITextField+CleanBasket.m in Sources */ = {isa = PBXBuildFile; fileRef = F193DA0A19EBF9FE0051C32A /* UITextField+CleanBasket.m */; };
		F193DA0F19EBFB230051C32A /* UIView+CleanBasket.m in Sources */ = {isa = PBXBuildFile; fileRef = F193DA0E19EBFB230051C32A /* UIView+CleanBasket.m */; };
		F193DA1519EC03930051C32A /* DTOManager.m in Sources */ = {isa = PBXBuildFile; fileRef = F193DA1419EC03930051C32A /* DTOManager.m */; };
		F19DE12419EEE0CF004B60E7 /* Realm.framework in Frameworks */ = {isa = PBXBuildFile; fileRef = F19DE12319EEE0CF004B60E7 /* Realm.framework */; };
		F19DE12619EEE111004B60E7 /* libc++.dylib in Frameworks */ = {isa = PBXBuildFile; fileRef = F19DE12519EEE111004B60E7 /* libc++.dylib */; };
		F19DE12919EEF386004B60E7 /* Order.m in Sources */ = {isa = PBXBuildFile; fileRef = F19DE12819EEF386004B60E7 /* Order.m */; };
		F19DE12D19EEF4EF004B60E7 /* ChooseLaundryViewController.m in Sources */ = {isa = PBXBuildFile; fileRef = F19DE12C19EEF4EF004B60E7 /* ChooseLaundryViewController.m */; };
		F19DE13F19EEFC8D004B60E7 /* Item.m in Sources */ = {isa = PBXBuildFile; fileRef = F19DE13E19EEFC8D004B60E7 /* Item.m */; };
		F19DE14219EEFCE6004B60E7 /* Coupon.m in Sources */ = {isa = PBXBuildFile; fileRef = F19DE14119EEFCE6004B60E7 /* Coupon.m */; };
		F19DE14519EEFD43004B60E7 /* Deliverer.m in Sources */ = {isa = PBXBuildFile; fileRef = F19DE14419EEFD43004B60E7 /* Deliverer.m */; };
		F19DE14819EF5121004B60E7 /* ALScrollViewPaging.m in Sources */ = {isa = PBXBuildFile; fileRef = F19DE14719EF5121004B60E7 /* ALScrollViewPaging.m */; };
		F19DE15519EF8473004B60E7 /* RPVerticalStepper.m in Sources */ = {isa = PBXBuildFile; fileRef = F19DE14B19EF8473004B60E7 /* RPVerticalStepper.m */; };
		F19DE15619EF8473004B60E7 /* stepperBottomButton.png in Resources */ = {isa = PBXBuildFile; fileRef = F19DE14D19EF8473004B60E7 /* stepperBottomButton.png */; };
		F19DE15719EF8473004B60E7 /* stepperBottomButton@2x.png in Resources */ = {isa = PBXBuildFile; fileRef = F19DE14E19EF8473004B60E7 /* stepperBottomButton@2x.png */; };
		F19DE15819EF8473004B60E7 /* stepperMinusSymbol.png in Resources */ = {isa = PBXBuildFile; fileRef = F19DE14F19EF8473004B60E7 /* stepperMinusSymbol.png */; };
		F19DE15919EF8473004B60E7 /* stepperMinusSymbol@2x.png in Resources */ = {isa = PBXBuildFile; fileRef = F19DE15019EF8473004B60E7 /* stepperMinusSymbol@2x.png */; };
		F19DE15A19EF8473004B60E7 /* stepperPlusSymbol.png in Resources */ = {isa = PBXBuildFile; fileRef = F19DE15119EF8473004B60E7 /* stepperPlusSymbol.png */; };
		F19DE15B19EF8473004B60E7 /* stepperPlusSymbol@2x.png in Resources */ = {isa = PBXBuildFile; fileRef = F19DE15219EF8473004B60E7 /* stepperPlusSymbol@2x.png */; };
		F19DE15C19EF8473004B60E7 /* stepperTopButton.png in Resources */ = {isa = PBXBuildFile; fileRef = F19DE15319EF8473004B60E7 /* stepperTopButton.png */; };
		F19DE15D19EF8473004B60E7 /* stepperTopButton@2x.png in Resources */ = {isa = PBXBuildFile; fileRef = F19DE15419EF8473004B60E7 /* stepperTopButton@2x.png */; };
		F1EB57221A0A19D1007929BD /* KakaoOpenSDK.framework in Frameworks */ = {isa = PBXBuildFile; fileRef = F1EB57211A0A19D1007929BD /* KakaoOpenSDK.framework */; };
		F1EB57241A0A19EA007929BD /* FacebookSDK.framework in Frameworks */ = {isa = PBXBuildFile; fileRef = F1EB57231A0A19EA007929BD /* FacebookSDK.framework */; };
/* End PBXBuildFile section */

/* Begin PBXContainerItemProxy section */
		F14AC24E19DE7E00002BCC98 /* PBXContainerItemProxy */ = {
			isa = PBXContainerItemProxy;
			containerPortal = F14AC22919DE7E00002BCC98 /* Project object */;
			proxyType = 1;
			remoteGlobalIDString = F14AC23019DE7E00002BCC98;
			remoteInfo = CleanBasket;
		};
/* End PBXContainerItemProxy section */

/* Begin PBXFileReference section */
		F104DB7C19FA0DA300C964B3 /* CBConstants.m */ = {isa = PBXFileReference; fileEncoding = 4; lastKnownFileType = sourcecode.c.objc; path = CBConstants.m; sourceTree = "<group>"; };
		F104DB7E19FA2DA800C964B3 /* Item_code.h */ = {isa = PBXFileReference; fileEncoding = 4; lastKnownFileType = sourcecode.c.h; path = Item_code.h; sourceTree = "<group>"; };
		F104DB7F19FA2DA800C964B3 /* Item_code.m */ = {isa = PBXFileReference; fileEncoding = 4; lastKnownFileType = sourcecode.c.objc; path = Item_code.m; sourceTree = "<group>"; };
		F111445119EEDD7A00C637AB /* User.h */ = {isa = PBXFileReference; fileEncoding = 4; lastKnownFileType = sourcecode.c.h; path = User.h; sourceTree = "<group>"; };
		F111445219EEDD7A00C637AB /* User.m */ = {isa = PBXFileReference; fileEncoding = 4; lastKnownFileType = sourcecode.c.objc; path = User.m; sourceTree = "<group>"; };
		F111445419EEDDD500C637AB /* Address.h */ = {isa = PBXFileReference; fileEncoding = 4; lastKnownFileType = sourcecode.c.h; path = Address.h; sourceTree = "<group>"; };
		F111445519EEDDD500C637AB /* Address.m */ = {isa = PBXFileReference; fileEncoding = 4; lastKnownFileType = sourcecode.c.objc; path = Address.m; sourceTree = "<group>"; };
		F113748119F7841000E9A27F /* TermsViewController.h */ = {isa = PBXFileReference; fileEncoding = 4; lastKnownFileType = sourcecode.c.h; path = TermsViewController.h; sourceTree = "<group>"; };
		F113748219F7841000E9A27F /* TermsViewController.m */ = {isa = PBXFileReference; fileEncoding = 4; lastKnownFileType = sourcecode.c.objc; path = TermsViewController.m; sourceTree = "<group>"; };
		F113748419F78DA700E9A27F /* DeliverDatePickerViewController.h */ = {isa = PBXFileReference; fileEncoding = 4; lastKnownFileType = sourcecode.c.h; path = DeliverDatePickerViewController.h; sourceTree = "<group>"; };
		F113748519F78DA700E9A27F /* DeliverDatePickerViewController.m */ = {isa = PBXFileReference; fileEncoding = 4; lastKnownFileType = sourcecode.c.objc; path = DeliverDatePickerViewController.m; sourceTree = "<group>"; };
		F113748719F78ED500E9A27F /* PickupDatePickerViewController.h */ = {isa = PBXFileReference; fileEncoding = 4; lastKnownFileType = sourcecode.c.h; path = PickupDatePickerViewController.h; sourceTree = "<group>"; };
		F113748819F78ED500E9A27F /* PickupDatePickerViewController.m */ = {isa = PBXFileReference; fileEncoding = 4; lastKnownFileType = sourcecode.c.objc; path = PickupDatePickerViewController.m; sourceTree = "<group>"; };
		F113748A19F7F8F500E9A27F /* Security.framework */ = {isa = PBXFileReference; lastKnownFileType = wrapper.framework; name = Security.framework; path = System/Library/Frameworks/Security.framework; sourceTree = SDKROOT; };
		F113748D19F7FBA300E9A27F /* Keychain.h */ = {isa = PBXFileReference; fileEncoding = 4; lastKnownFileType = sourcecode.c.h; path = Keychain.h; sourceTree = "<group>"; };
		F113748E19F7FBA300E9A27F /* Keychain.m */ = {isa = PBXFileReference; fileEncoding = 4; lastKnownFileType = sourcecode.c.objc; path = Keychain.m; sourceTree = "<group>"; };
		F113749019F8D46E00E9A27F /* UIView+CBView.h */ = {isa = PBXFileReference; fileEncoding = 4; lastKnownFileType = sourcecode.c.h; path = "UIView+CBView.h"; sourceTree = "<group>"; };
		F113749119F8D46E00E9A27F /* UIView+CBView.m */ = {isa = PBXFileReference; fileEncoding = 4; lastKnownFileType = sourcecode.c.objc; path = "UIView+CBView.m"; sourceTree = "<group>"; };
		F133210E19F340AE00C52D20 /* ic_calc_blouse@2x.png */ = {isa = PBXFileReference; lastKnownFileType = image.png; path = "ic_calc_blouse@2x.png"; sourceTree = "<group>"; };
		F133210F19F340AE00C52D20 /* ic_calc_coat@2x.png */ = {isa = PBXFileReference; lastKnownFileType = image.png; path = "ic_calc_coat@2x.png"; sourceTree = "<group>"; };
		F133211019F340AE00C52D20 /* ic_calc_etc@2x.png */ = {isa = PBXFileReference; lastKnownFileType = image.png; path = "ic_calc_etc@2x.png"; sourceTree = "<group>"; };
		F133211119F340AE00C52D20 /* ic_calc_onepiece@2x.png */ = {isa = PBXFileReference; lastKnownFileType = image.png; path = "ic_calc_onepiece@2x.png"; sourceTree = "<group>"; };
		F133211219F340AE00C52D20 /* ic_calc_skirtpants@2x.png */ = {isa = PBXFileReference; lastKnownFileType = image.png; path = "ic_calc_skirtpants@2x.png"; sourceTree = "<group>"; };
		F133211319F340AE00C52D20 /* ic_calc_suit@2x.png */ = {isa = PBXFileReference; lastKnownFileType = image.png; path = "ic_calc_suit@2x.png"; sourceTree = "<group>"; };
		F133211419F340AE00C52D20 /* ic_calc_yshirt@2x.png */ = {isa = PBXFileReference; lastKnownFileType = image.png; path = "ic_calc_yshirt@2x.png"; sourceTree = "<group>"; };
		F133211619F340AE00C52D20 /* ic_menu_coupon_01@2x.png */ = {isa = PBXFileReference; lastKnownFileType = image.png; path = "ic_menu_coupon_01@2x.png"; sourceTree = "<group>"; };
		F133211719F340AE00C52D20 /* ic_menu_coupon_02@2x.png */ = {isa = PBXFileReference; lastKnownFileType = image.png; path = "ic_menu_coupon_02@2x.png"; sourceTree = "<group>"; };
		F133211819F340AE00C52D20 /* ic_menu_order_01@2x.png */ = {isa = PBXFileReference; lastKnownFileType = image.png; path = "ic_menu_order_01@2x.png"; sourceTree = "<group>"; };
		F133211919F340AE00C52D20 /* ic_menu_order_02@2x.png */ = {isa = PBXFileReference; lastKnownFileType = image.png; path = "ic_menu_order_02@2x.png"; sourceTree = "<group>"; };
		F133211A19F340AE00C52D20 /* ic_menu_pricelist_01@2x.png */ = {isa = PBXFileReference; lastKnownFileType = image.png; path = "ic_menu_pricelist_01@2x.png"; sourceTree = "<group>"; };
		F133211B19F340AE00C52D20 /* ic_menu_pricelist_02@2x.png */ = {isa = PBXFileReference; lastKnownFileType = image.png; path = "ic_menu_pricelist_02@2x.png"; sourceTree = "<group>"; };
		F133211C19F340AE00C52D20 /* ic_menu_progress_01@2x.png */ = {isa = PBXFileReference; lastKnownFileType = image.png; path = "ic_menu_progress_01@2x.png"; sourceTree = "<group>"; };
		F133211D19F340AE00C52D20 /* ic_menu_progress_02@2x.png */ = {isa = PBXFileReference; lastKnownFileType = image.png; path = "ic_menu_progress_02@2x.png"; sourceTree = "<group>"; };
		F133211E19F340AE00C52D20 /* tab_account.png */ = {isa = PBXFileReference; lastKnownFileType = image.png; path = tab_account.png; sourceTree = "<group>"; };
		F133211F19F340AE00C52D20 /* tab_account@2x.png */ = {isa = PBXFileReference; lastKnownFileType = image.png; path = "tab_account@2x.png"; sourceTree = "<group>"; };
		F133212019F340AE00C52D20 /* tab_coupon.png */ = {isa = PBXFileReference; lastKnownFileType = image.png; path = tab_coupon.png; sourceTree = "<group>"; };
		F133212119F340AE00C52D20 /* tab_coupon@2x.png */ = {isa = PBXFileReference; lastKnownFileType = image.png; path = "tab_coupon@2x.png"; sourceTree = "<group>"; };
		F133212219F340AE00C52D20 /* tab_order.png */ = {isa = PBXFileReference; lastKnownFileType = image.png; path = tab_order.png; sourceTree = "<group>"; };
		F133212319F340AE00C52D20 /* tab_order@2x.png */ = {isa = PBXFileReference; lastKnownFileType = image.png; path = "tab_order@2x.png"; sourceTree = "<group>"; };
		F133212419F340AE00C52D20 /* tab_price.png */ = {isa = PBXFileReference; lastKnownFileType = image.png; path = tab_price.png; sourceTree = "<group>"; };
		F133212519F340AE00C52D20 /* tab_price@2x.png */ = {isa = PBXFileReference; lastKnownFileType = image.png; path = "tab_price@2x.png"; sourceTree = "<group>"; };
		F133212619F340AE00C52D20 /* tab_progress.png */ = {isa = PBXFileReference; lastKnownFileType = image.png; path = tab_progress.png; sourceTree = "<group>"; };
		F133212719F340AE00C52D20 /* tab_progress@2x.png */ = {isa = PBXFileReference; lastKnownFileType = image.png; path = "tab_progress@2x.png"; sourceTree = "<group>"; };
		F133212819F340AE00C52D20 /* tab_service.png */ = {isa = PBXFileReference; lastKnownFileType = image.png; path = tab_service.png; sourceTree = "<group>"; };
		F133212919F340AE00C52D20 /* tab_service@2x.png */ = {isa = PBXFileReference; lastKnownFileType = image.png; path = "tab_service@2x.png"; sourceTree = "<group>"; };
		F133214519F3415500C52D20 /* ChooseOtherLaundryViewController.h */ = {isa = PBXFileReference; fileEncoding = 4; lastKnownFileType = sourcecode.c.h; path = ChooseOtherLaundryViewController.h; sourceTree = "<group>"; };
		F133214619F3415500C52D20 /* ChooseOtherLaundryViewController.m */ = {isa = PBXFileReference; fileEncoding = 4; lastKnownFileType = sourcecode.c.objc; path = ChooseOtherLaundryViewController.m; sourceTree = "<group>"; };
		F133214919F344E100C52D20 /* CBOrderTableViewCell.h */ = {isa = PBXFileReference; fileEncoding = 4; lastKnownFileType = sourcecode.c.h; path = CBOrderTableViewCell.h; sourceTree = "<group>"; };
		F133214A19F344E100C52D20 /* CBOrderTableViewCell.m */ = {isa = PBXFileReference; fileEncoding = 4; lastKnownFileType = sourcecode.c.objc; path = CBOrderTableViewCell.m; sourceTree = "<group>"; };
		F133214C19F35FAE00C52D20 /* CBTotalPriceView.h */ = {isa = PBXFileReference; fileEncoding = 4; lastKnownFileType = sourcecode.c.h; path = CBTotalPriceView.h; sourceTree = "<group>"; };
		F133214D19F35FAE00C52D20 /* CBTotalPriceView.m */ = {isa = PBXFileReference; fileEncoding = 4; lastKnownFileType = sourcecode.c.objc; path = CBTotalPriceView.m; sourceTree = "<group>"; };
		F133214F19F4196600C52D20 /* NSString+CBString.h */ = {isa = PBXFileReference; fileEncoding = 4; lastKnownFileType = sourcecode.c.h; path = "NSString+CBString.h"; sourceTree = "<group>"; };
		F133215019F4196600C52D20 /* NSString+CBString.m */ = {isa = PBXFileReference; fileEncoding = 4; lastKnownFileType = sourcecode.c.objc; path = "NSString+CBString.m"; sourceTree = "<group>"; };
		F133215419F432C100C52D20 /* bg_coupon@2x.png */ = {isa = PBXFileReference; lastKnownFileType = image.png; path = "bg_coupon@2x.png"; sourceTree = "<group>"; };
		F133215919F4607B00C52D20 /* process_0.png */ = {isa = PBXFileReference; lastKnownFileType = image.png; path = process_0.png; sourceTree = "<group>"; };
		F133215A19F4607B00C52D20 /* process_1.png */ = {isa = PBXFileReference; lastKnownFileType = image.png; path = process_1.png; sourceTree = "<group>"; };
		F133215B19F4607B00C52D20 /* process_2.png */ = {isa = PBXFileReference; lastKnownFileType = image.png; path = process_2.png; sourceTree = "<group>"; };
		F133215C19F4607B00C52D20 /* process_3.png */ = {isa = PBXFileReference; lastKnownFileType = image.png; path = process_3.png; sourceTree = "<group>"; };
		F133215D19F4607B00C52D20 /* process_4.png */ = {isa = PBXFileReference; lastKnownFileType = image.png; path = process_4.png; sourceTree = "<group>"; };
		F133215E19F4607B00C52D20 /* process_5.png */ = {isa = PBXFileReference; lastKnownFileType = image.png; path = process_5.png; sourceTree = "<group>"; };
		F133215F19F4607B00C52D20 /* process_6.png */ = {isa = PBXFileReference; lastKnownFileType = image.png; path = process_6.png; sourceTree = "<group>"; };
		F133216019F4607B00C52D20 /* process_empty.png */ = {isa = PBXFileReference; lastKnownFileType = image.png; path = process_empty.png; sourceTree = "<group>"; };
		F133216A19F5976D00C52D20 /* OrderDetailViewController.h */ = {isa = PBXFileReference; fileEncoding = 4; lastKnownFileType = sourcecode.c.h; path = OrderDetailViewController.h; sourceTree = "<group>"; };
		F133216B19F5976D00C52D20 /* OrderDetailViewController.m */ = {isa = PBXFileReference; fileEncoding = 4; lastKnownFileType = sourcecode.c.objc; path = OrderDetailViewController.m; sourceTree = "<group>"; };
		F133216D19F5A0B100C52D20 /* PickupInfo.h */ = {isa = PBXFileReference; fileEncoding = 4; lastKnownFileType = sourcecode.c.h; path = PickupInfo.h; sourceTree = "<group>"; };
		F133216E19F5A0B100C52D20 /* PickupInfo.m */ = {isa = PBXFileReference; fileEncoding = 4; lastKnownFileType = sourcecode.c.objc; path = PickupInfo.m; sourceTree = "<group>"; };
		F133217119F5ABB300C52D20 /* CBOrderDetailTableViewCell.h */ = {isa = PBXFileReference; fileEncoding = 4; lastKnownFileType = sourcecode.c.h; path = CBOrderDetailTableViewCell.h; sourceTree = "<group>"; };
		F133217219F5ABB300C52D20 /* CBOrderDetailTableViewCell.m */ = {isa = PBXFileReference; fileEncoding = 4; lastKnownFileType = sourcecode.c.objc; path = CBOrderDetailTableViewCell.m; sourceTree = "<group>"; };
		F133217419F5D3A200C52D20 /* process_profile.png */ = {isa = PBXFileReference; lastKnownFileType = image.png; path = process_profile.png; sourceTree = "<group>"; };
		F133217919F5EC7200C52D20 /* LaunchScreen_White.jpg */ = {isa = PBXFileReference; lastKnownFileType = image.jpeg; path = LaunchScreen_White.jpg; sourceTree = "<group>"; };
		F133217B19F5FE7B00C52D20 /* ic_profile_no.png */ = {isa = PBXFileReference; lastKnownFileType = image.png; path = ic_profile_no.png; sourceTree = "<group>"; };
		F133217D19F64E7000C52D20 /* bg_coupon@2x.png */ = {isa = PBXFileReference; lastKnownFileType = image.png; path = "bg_coupon@2x.png"; sourceTree = "<group>"; };
		F133218019F64E9100C52D20 /* CBCouponTableViewCell.h */ = {isa = PBXFileReference; fileEncoding = 4; lastKnownFileType = sourcecode.c.h; path = CBCouponTableViewCell.h; sourceTree = "<group>"; };
		F133218119F64E9100C52D20 /* CBCouponTableViewCell.m */ = {isa = PBXFileReference; fileEncoding = 4; lastKnownFileType = sourcecode.c.objc; path = CBCouponTableViewCell.m; sourceTree = "<group>"; };
		F133218419F64F6700C52D20 /* CouponListViewController.h */ = {isa = PBXFileReference; fileEncoding = 4; lastKnownFileType = sourcecode.c.h; path = CouponListViewController.h; sourceTree = "<group>"; };
		F133218519F64F6700C52D20 /* CouponListViewController.m */ = {isa = PBXFileReference; fileEncoding = 4; lastKnownFileType = sourcecode.c.objc; path = CouponListViewController.m; sourceTree = "<group>"; };
		F14AC23119DE7E00002BCC98 /* CleanBasket.app */ = {isa = PBXFileReference; explicitFileType = wrapper.application; includeInIndex = 0; path = CleanBasket.app; sourceTree = BUILT_PRODUCTS_DIR; };
		F14AC23519DE7E00002BCC98 /* Info.plist */ = {isa = PBXFileReference; lastKnownFileType = text.plist.xml; path = Info.plist; sourceTree = "<group>"; };
		F14AC23619DE7E00002BCC98 /* main.m */ = {isa = PBXFileReference; lastKnownFileType = sourcecode.c.objc; path = main.m; sourceTree = "<group>"; };
		F14AC23819DE7E00002BCC98 /* AppDelegate.h */ = {isa = PBXFileReference; lastKnownFileType = sourcecode.c.h; path = AppDelegate.h; sourceTree = "<group>"; };
		F14AC23919DE7E00002BCC98 /* AppDelegate.m */ = {isa = PBXFileReference; lastKnownFileType = sourcecode.c.objc; path = AppDelegate.m; sourceTree = "<group>"; };
		F14AC23C19DE7E00002BCC98 /* CleanBasket.xcdatamodel */ = {isa = PBXFileReference; lastKnownFileType = wrapper.xcdatamodel; path = CleanBasket.xcdatamodel; sourceTree = "<group>"; };
		F14AC23E19DE7E00002BCC98 /* LoginViewController.h */ = {isa = PBXFileReference; lastKnownFileType = sourcecode.c.h; path = LoginViewController.h; sourceTree = "<group>"; };
		F14AC23F19DE7E00002BCC98 /* LoginViewController.m */ = {isa = PBXFileReference; lastKnownFileType = sourcecode.c.objc; path = LoginViewController.m; sourceTree = "<group>"; };
		F14AC24419DE7E00002BCC98 /* Images.xcassets */ = {isa = PBXFileReference; lastKnownFileType = folder.assetcatalog; path = Images.xcassets; sourceTree = "<group>"; };
		F14AC24D19DE7E00002BCC98 /* CleanBasketTests.xctest */ = {isa = PBXFileReference; explicitFileType = wrapper.cfbundle; includeInIndex = 0; path = CleanBasketTests.xctest; sourceTree = BUILT_PRODUCTS_DIR; };
		F14AC25219DE7E00002BCC98 /* Info.plist */ = {isa = PBXFileReference; lastKnownFileType = text.plist.xml; path = Info.plist; sourceTree = "<group>"; };
		F14AC25319DE7E00002BCC98 /* CleanBasketTests.m */ = {isa = PBXFileReference; lastKnownFileType = sourcecode.c.objc; path = CleanBasketTests.m; sourceTree = "<group>"; };
		F14AC26019DE9AB8002BCC98 /* OrderViewController.h */ = {isa = PBXFileReference; fileEncoding = 4; lastKnownFileType = sourcecode.c.h; path = OrderViewController.h; sourceTree = "<group>"; };
		F14AC26119DE9AB8002BCC98 /* OrderViewController.m */ = {isa = PBXFileReference; fileEncoding = 4; lastKnownFileType = sourcecode.c.objc; path = OrderViewController.m; sourceTree = "<group>"; };
		F14AC26319DE9D9C002BCC98 /* EmailSignUpViewController.h */ = {isa = PBXFileReference; fileEncoding = 4; lastKnownFileType = sourcecode.c.h; path = EmailSignUpViewController.h; sourceTree = "<group>"; };
		F14AC26419DE9D9C002BCC98 /* EmailSignUpViewController.m */ = {isa = PBXFileReference; fileEncoding = 4; lastKnownFileType = sourcecode.c.objc; path = EmailSignUpViewController.m; sourceTree = "<group>"; };
		F14AC26719DEA2D8002BCC98 /* CBConstants.h */ = {isa = PBXFileReference; fileEncoding = 4; lastKnownFileType = sourcecode.c.h; path = CBConstants.h; sourceTree = "<group>"; };
		F14AC26C19DEB579002BCC98 /* AddressInputViewController.h */ = {isa = PBXFileReference; fileEncoding = 4; lastKnownFileType = sourcecode.c.h; path = AddressInputViewController.h; sourceTree = "<group>"; };
		F14AC26D19DEB579002BCC98 /* AddressInputViewController.m */ = {isa = PBXFileReference; fileEncoding = 4; lastKnownFileType = sourcecode.c.objc; path = AddressInputViewController.m; sourceTree = "<group>"; };
		F14AC26F19DED279002BCC98 /* FindPasswordViewController.h */ = {isa = PBXFileReference; fileEncoding = 4; lastKnownFileType = sourcecode.c.h; path = FindPasswordViewController.h; sourceTree = "<group>"; };
		F14AC27019DED279002BCC98 /* FindPasswordViewController.m */ = {isa = PBXFileReference; fileEncoding = 4; lastKnownFileType = sourcecode.c.objc; path = FindPasswordViewController.m; sourceTree = "<group>"; };
		F14AC27419DEDEDC002BCC98 /* OrderStatusViewController.h */ = {isa = PBXFileReference; fileEncoding = 4; lastKnownFileType = sourcecode.c.h; path = OrderStatusViewController.h; sourceTree = "<group>"; };
		F14AC27519DEDEDC002BCC98 /* OrderStatusViewController.m */ = {isa = PBXFileReference; fileEncoding = 4; lastKnownFileType = sourcecode.c.objc; path = OrderStatusViewController.m; sourceTree = "<group>"; };
		F14AC27719DEDEE6002BCC98 /* PriceViewController.h */ = {isa = PBXFileReference; fileEncoding = 4; lastKnownFileType = sourcecode.c.h; path = PriceViewController.h; sourceTree = "<group>"; };
		F14AC27819DEDEE6002BCC98 /* PriceViewController.m */ = {isa = PBXFileReference; fileEncoding = 4; lastKnownFileType = sourcecode.c.objc; path = PriceViewController.m; sourceTree = "<group>"; };
		F14AC27A19DEDEEC002BCC98 /* AccountViewController.h */ = {isa = PBXFileReference; fileEncoding = 4; lastKnownFileType = sourcecode.c.h; path = AccountViewController.h; sourceTree = "<group>"; };
		F14AC27B19DEDEEC002BCC98 /* AccountViewController.m */ = {isa = PBXFileReference; fileEncoding = 4; lastKnownFileType = sourcecode.c.objc; path = AccountViewController.m; sourceTree = "<group>"; };
		F14AC27D19DEDEF7002BCC98 /* CouponShareViewController.h */ = {isa = PBXFileReference; fileEncoding = 4; lastKnownFileType = sourcecode.c.h; path = CouponShareViewController.h; sourceTree = "<group>"; };
		F14AC27E19DEDEF7002BCC98 /* CouponShareViewController.m */ = {isa = PBXFileReference; fileEncoding = 4; lastKnownFileType = sourcecode.c.objc; path = CouponShareViewController.m; sourceTree = "<group>"; };
		F14AC28019DEDEFE002BCC98 /* ServiceInfoViewController.h */ = {isa = PBXFileReference; fileEncoding = 4; lastKnownFileType = sourcecode.c.h; path = ServiceInfoViewController.h; sourceTree = "<group>"; };
		F14AC28119DEDEFE002BCC98 /* ServiceInfoViewController.m */ = {isa = PBXFileReference; fileEncoding = 4; lastKnownFileType = sourcecode.c.objc; path = ServiceInfoViewController.m; sourceTree = "<group>"; };
		F14AC28319DEE188002BCC98 /* MyUITabBarController.h */ = {isa = PBXFileReference; fileEncoding = 4; lastKnownFileType = sourcecode.c.h; path = MyUITabBarController.h; sourceTree = "<group>"; };
		F14AC28419DEE188002BCC98 /* MyUITabBarController.m */ = {isa = PBXFileReference; fileEncoding = 4; lastKnownFileType = sourcecode.c.objc; path = MyUITabBarController.m; sourceTree = "<group>"; };
		F182336219F91AE9008E6510 /* UILabel+FormattedText.h */ = {isa = PBXFileReference; fileEncoding = 4; lastKnownFileType = sourcecode.c.h; path = "UILabel+FormattedText.h"; sourceTree = "<group>"; };
		F182336319F91AE9008E6510 /* UILabel+FormattedText.m */ = {isa = PBXFileReference; fileEncoding = 4; lastKnownFileType = sourcecode.c.objc; path = "UILabel+FormattedText.m"; sourceTree = "<group>"; };
		F182336519F92674008E6510 /* tab_service_after@2x.png */ = {isa = PBXFileReference; lastKnownFileType = image.png; path = "tab_service_after@2x.png"; sourceTree = "<group>"; };
		F182336719F93582008E6510 /* ic_launcher@2x.png */ = {isa = PBXFileReference; lastKnownFileType = image.png; path = "ic_launcher@2x.png"; sourceTree = "<group>"; };
		F182336919F94559008E6510 /* ic_coupon_facebook@2x.png */ = {isa = PBXFileReference; lastKnownFileType = image.png; path = "ic_coupon_facebook@2x.png"; sourceTree = "<group>"; };
		F182336A19F94559008E6510 /* ic_coupon_kakao@2x.png */ = {isa = PBXFileReference; lastKnownFileType = image.png; path = "ic_coupon_kakao@2x.png"; sourceTree = "<group>"; };
		F193D9E219EA78E80051C32A /* CBLabel.h */ = {isa = PBXFileReference; fileEncoding = 4; lastKnownFileType = sourcecode.c.h; path = CBLabel.h; sourceTree = "<group>"; };
		F193D9E319EA78E80051C32A /* CBLabel.m */ = {isa = PBXFileReference; fileEncoding = 4; lastKnownFileType = sourcecode.c.objc; path = CBLabel.m; sourceTree = "<group>"; };
		F193D9E519EA82F50051C32A /* CBTableViewCell.h */ = {isa = PBXFileReference; fileEncoding = 4; lastKnownFileType = sourcecode.c.h; path = CBTableViewCell.h; sourceTree = "<group>"; };
		F193D9E619EA82F50051C32A /* CBTableViewCell.m */ = {isa = PBXFileReference; fileEncoding = 4; lastKnownFileType = sourcecode.c.objc; path = CBTableViewCell.m; sourceTree = "<group>"; };
		F193D9E919EBCBA70051C32A /* AFHTTPRequestOperation.h */ = {isa = PBXFileReference; fileEncoding = 4; lastKnownFileType = sourcecode.c.h; path = AFHTTPRequestOperation.h; sourceTree = "<group>"; };
		F193D9EA19EBCBA70051C32A /* AFHTTPRequestOperation.m */ = {isa = PBXFileReference; fileEncoding = 4; lastKnownFileType = sourcecode.c.objc; path = AFHTTPRequestOperation.m; sourceTree = "<group>"; };
		F193D9EB19EBCBA70051C32A /* AFHTTPRequestOperationManager.h */ = {isa = PBXFileReference; fileEncoding = 4; lastKnownFileType = sourcecode.c.h; path = AFHTTPRequestOperationManager.h; sourceTree = "<group>"; };
		F193D9EC19EBCBA70051C32A /* AFHTTPRequestOperationManager.m */ = {isa = PBXFileReference; fileEncoding = 4; lastKnownFileType = sourcecode.c.objc; path = AFHTTPRequestOperationManager.m; sourceTree = "<group>"; };
		F193D9ED19EBCBA70051C32A /* AFHTTPSessionManager.h */ = {isa = PBXFileReference; fileEncoding = 4; lastKnownFileType = sourcecode.c.h; path = AFHTTPSessionManager.h; sourceTree = "<group>"; };
		F193D9EE19EBCBA70051C32A /* AFHTTPSessionManager.m */ = {isa = PBXFileReference; fileEncoding = 4; lastKnownFileType = sourcecode.c.objc; path = AFHTTPSessionManager.m; sourceTree = "<group>"; };
		F193D9EF19EBCBA70051C32A /* AFNetworking.h */ = {isa = PBXFileReference; fileEncoding = 4; lastKnownFileType = sourcecode.c.h; path = AFNetworking.h; sourceTree = "<group>"; };
		F193D9F019EBCBA70051C32A /* AFNetworkReachabilityManager.h */ = {isa = PBXFileReference; fileEncoding = 4; lastKnownFileType = sourcecode.c.h; path = AFNetworkReachabilityManager.h; sourceTree = "<group>"; };
		F193D9F119EBCBA70051C32A /* AFNetworkReachabilityManager.m */ = {isa = PBXFileReference; fileEncoding = 4; lastKnownFileType = sourcecode.c.objc; path = AFNetworkReachabilityManager.m; sourceTree = "<group>"; };
		F193D9F219EBCBA70051C32A /* AFSecurityPolicy.h */ = {isa = PBXFileReference; fileEncoding = 4; lastKnownFileType = sourcecode.c.h; path = AFSecurityPolicy.h; sourceTree = "<group>"; };
		F193D9F319EBCBA70051C32A /* AFSecurityPolicy.m */ = {isa = PBXFileReference; fileEncoding = 4; lastKnownFileType = sourcecode.c.objc; path = AFSecurityPolicy.m; sourceTree = "<group>"; };
		F193D9F419EBCBA70051C32A /* AFURLConnectionOperation.h */ = {isa = PBXFileReference; fileEncoding = 4; lastKnownFileType = sourcecode.c.h; path = AFURLConnectionOperation.h; sourceTree = "<group>"; };
		F193D9F519EBCBA70051C32A /* AFURLConnectionOperation.m */ = {isa = PBXFileReference; fileEncoding = 4; lastKnownFileType = sourcecode.c.objc; path = AFURLConnectionOperation.m; sourceTree = "<group>"; };
		F193D9F619EBCBA70051C32A /* AFURLRequestSerialization.h */ = {isa = PBXFileReference; fileEncoding = 4; lastKnownFileType = sourcecode.c.h; path = AFURLRequestSerialization.h; sourceTree = "<group>"; };
		F193D9F719EBCBA70051C32A /* AFURLRequestSerialization.m */ = {isa = PBXFileReference; fileEncoding = 4; lastKnownFileType = sourcecode.c.objc; path = AFURLRequestSerialization.m; sourceTree = "<group>"; };
		F193D9F819EBCBA70051C32A /* AFURLResponseSerialization.h */ = {isa = PBXFileReference; fileEncoding = 4; lastKnownFileType = sourcecode.c.h; path = AFURLResponseSerialization.h; sourceTree = "<group>"; };
		F193D9F919EBCBA70051C32A /* AFURLResponseSerialization.m */ = {isa = PBXFileReference; fileEncoding = 4; lastKnownFileType = sourcecode.c.objc; path = AFURLResponseSerialization.m; sourceTree = "<group>"; };
		F193D9FA19EBCBA70051C32A /* AFURLSessionManager.h */ = {isa = PBXFileReference; fileEncoding = 4; lastKnownFileType = sourcecode.c.h; path = AFURLSessionManager.h; sourceTree = "<group>"; };
		F193D9FB19EBCBA70051C32A /* AFURLSessionManager.m */ = {isa = PBXFileReference; fileEncoding = 4; lastKnownFileType = sourcecode.c.objc; path = AFURLSessionManager.m; sourceTree = "<group>"; };
		F193DA0619EBF1830051C32A /* MBProgressHUD.m */ = {isa = PBXFileReference; fileEncoding = 4; lastKnownFileType = sourcecode.c.objc; path = MBProgressHUD.m; sourceTree = "<group>"; };
		F193DA0719EBF1840051C32A /* MBProgressHUD.h */ = {isa = PBXFileReference; fileEncoding = 4; lastKnownFileType = sourcecode.c.h; path = MBProgressHUD.h; sourceTree = "<group>"; };
		F193DA0919EBF9FE0051C32A /* UITextField+CleanBasket.h */ = {isa = PBXFileReference; fileEncoding = 4; lastKnownFileType = sourcecode.c.h; path = "UITextField+CleanBasket.h"; sourceTree = "<group>"; };
		F193DA0A19EBF9FE0051C32A /* UITextField+CleanBasket.m */ = {isa = PBXFileReference; fileEncoding = 4; lastKnownFileType = sourcecode.c.objc; path = "UITextField+CleanBasket.m"; sourceTree = "<group>"; };
		F193DA0D19EBFB230051C32A /* UIView+CleanBasket.h */ = {isa = PBXFileReference; fileEncoding = 4; lastKnownFileType = sourcecode.c.h; path = "UIView+CleanBasket.h"; sourceTree = "<group>"; };
		F193DA0E19EBFB230051C32A /* UIView+CleanBasket.m */ = {isa = PBXFileReference; fileEncoding = 4; lastKnownFileType = sourcecode.c.objc; path = "UIView+CleanBasket.m"; sourceTree = "<group>"; };
		F193DA1319EC03930051C32A /* DTOManager.h */ = {isa = PBXFileReference; fileEncoding = 4; lastKnownFileType = sourcecode.c.h; path = DTOManager.h; sourceTree = "<group>"; };
		F193DA1419EC03930051C32A /* DTOManager.m */ = {isa = PBXFileReference; fileEncoding = 4; lastKnownFileType = sourcecode.c.objc; path = DTOManager.m; sourceTree = "<group>"; };
		F19DE12319EEE0CF004B60E7 /* Realm.framework */ = {isa = PBXFileReference; lastKnownFileType = wrapper.framework; path = Realm.framework; sourceTree = "<group>"; };
		F19DE12519EEE111004B60E7 /* libc++.dylib */ = {isa = PBXFileReference; lastKnownFileType = "compiled.mach-o.dylib"; name = "libc++.dylib"; path = "usr/lib/libc++.dylib"; sourceTree = SDKROOT; };
		F19DE12719EEF386004B60E7 /* Order.h */ = {isa = PBXFileReference; fileEncoding = 4; lastKnownFileType = sourcecode.c.h; path = Order.h; sourceTree = "<group>"; };
		F19DE12819EEF386004B60E7 /* Order.m */ = {isa = PBXFileReference; fileEncoding = 4; lastKnownFileType = sourcecode.c.objc; path = Order.m; sourceTree = "<group>"; };
		F19DE12B19EEF4EF004B60E7 /* ChooseLaundryViewController.h */ = {isa = PBXFileReference; fileEncoding = 4; lastKnownFileType = sourcecode.c.h; path = ChooseLaundryViewController.h; sourceTree = "<group>"; };
		F19DE12C19EEF4EF004B60E7 /* ChooseLaundryViewController.m */ = {isa = PBXFileReference; fileEncoding = 4; lastKnownFileType = sourcecode.c.objc; path = ChooseLaundryViewController.m; sourceTree = "<group>"; };
		F19DE13D19EEFC8D004B60E7 /* Item.h */ = {isa = PBXFileReference; fileEncoding = 4; lastKnownFileType = sourcecode.c.h; path = Item.h; sourceTree = "<group>"; };
		F19DE13E19EEFC8D004B60E7 /* Item.m */ = {isa = PBXFileReference; fileEncoding = 4; lastKnownFileType = sourcecode.c.objc; path = Item.m; sourceTree = "<group>"; };
		F19DE14019EEFCE6004B60E7 /* Coupon.h */ = {isa = PBXFileReference; fileEncoding = 4; lastKnownFileType = sourcecode.c.h; path = Coupon.h; sourceTree = "<group>"; };
		F19DE14119EEFCE6004B60E7 /* Coupon.m */ = {isa = PBXFileReference; fileEncoding = 4; lastKnownFileType = sourcecode.c.objc; path = Coupon.m; sourceTree = "<group>"; };
		F19DE14319EEFD43004B60E7 /* Deliverer.h */ = {isa = PBXFileReference; fileEncoding = 4; lastKnownFileType = sourcecode.c.h; path = Deliverer.h; sourceTree = "<group>"; };
		F19DE14419EEFD43004B60E7 /* Deliverer.m */ = {isa = PBXFileReference; fileEncoding = 4; lastKnownFileType = sourcecode.c.objc; path = Deliverer.m; sourceTree = "<group>"; };
		F19DE14619EF5121004B60E7 /* ALScrollViewPaging.h */ = {isa = PBXFileReference; fileEncoding = 4; lastKnownFileType = sourcecode.c.h; path = ALScrollViewPaging.h; sourceTree = "<group>"; };
		F19DE14719EF5121004B60E7 /* ALScrollViewPaging.m */ = {isa = PBXFileReference; fileEncoding = 4; lastKnownFileType = sourcecode.c.objc; path = ALScrollViewPaging.m; sourceTree = "<group>"; };
		F19DE14A19EF8473004B60E7 /* RPVerticalStepper.h */ = {isa = PBXFileReference; fileEncoding = 4; lastKnownFileType = sourcecode.c.h; path = RPVerticalStepper.h; sourceTree = "<group>"; };
		F19DE14B19EF8473004B60E7 /* RPVerticalStepper.m */ = {isa = PBXFileReference; fileEncoding = 4; lastKnownFileType = sourcecode.c.objc; path = RPVerticalStepper.m; sourceTree = "<group>"; };
		F19DE14D19EF8473004B60E7 /* stepperBottomButton.png */ = {isa = PBXFileReference; lastKnownFileType = image.png; path = stepperBottomButton.png; sourceTree = "<group>"; };
		F19DE14E19EF8473004B60E7 /* stepperBottomButton@2x.png */ = {isa = PBXFileReference; lastKnownFileType = image.png; path = "stepperBottomButton@2x.png"; sourceTree = "<group>"; };
		F19DE14F19EF8473004B60E7 /* stepperMinusSymbol.png */ = {isa = PBXFileReference; lastKnownFileType = image.png; path = stepperMinusSymbol.png; sourceTree = "<group>"; };
		F19DE15019EF8473004B60E7 /* stepperMinusSymbol@2x.png */ = {isa = PBXFileReference; lastKnownFileType = image.png; path = "stepperMinusSymbol@2x.png"; sourceTree = "<group>"; };
		F19DE15119EF8473004B60E7 /* stepperPlusSymbol.png */ = {isa = PBXFileReference; lastKnownFileType = image.png; path = stepperPlusSymbol.png; sourceTree = "<group>"; };
		F19DE15219EF8473004B60E7 /* stepperPlusSymbol@2x.png */ = {isa = PBXFileReference; lastKnownFileType = image.png; path = "stepperPlusSymbol@2x.png"; sourceTree = "<group>"; };
		F19DE15319EF8473004B60E7 /* stepperTopButton.png */ = {isa = PBXFileReference; lastKnownFileType = image.png; path = stepperTopButton.png; sourceTree = "<group>"; };
		F19DE15419EF8473004B60E7 /* stepperTopButton@2x.png */ = {isa = PBXFileReference; lastKnownFileType = image.png; path = "stepperTopButton@2x.png"; sourceTree = "<group>"; };
		F1EB57211A0A19D1007929BD /* KakaoOpenSDK.framework */ = {isa = PBXFileReference; lastKnownFileType = wrapper.framework; path = KakaoOpenSDK.framework; sourceTree = "<group>"; };
		F1EB57231A0A19EA007929BD /* FacebookSDK.framework */ = {isa = PBXFileReference; lastKnownFileType = wrapper.framework; name = FacebookSDK.framework; path = ../../../Development/iOS/FacebookSDK/FacebookSDK.framework; sourceTree = "<group>"; };
/* End PBXFileReference section */

/* Begin PBXFrameworksBuildPhase section */
		F14AC22E19DE7E00002BCC98 /* Frameworks */ = {
			isa = PBXFrameworksBuildPhase;
			buildActionMask = 2147483647;
			files = (
				F113748C19F7FB4500E9A27F /* Security.framework in Frameworks */,
				F1EB57241A0A19EA007929BD /* FacebookSDK.framework in Frameworks */,
				F1EB57221A0A19D1007929BD /* KakaoOpenSDK.framework in Frameworks */,
				F19DE12619EEE111004B60E7 /* libc++.dylib in Frameworks */,
				F19DE12419EEE0CF004B60E7 /* Realm.framework in Frameworks */,
			);
			runOnlyForDeploymentPostprocessing = 0;
		};
		F14AC24A19DE7E00002BCC98 /* Frameworks */ = {
			isa = PBXFrameworksBuildPhase;
			buildActionMask = 2147483647;
			files = (
			);
			runOnlyForDeploymentPostprocessing = 0;
		};
/* End PBXFrameworksBuildPhase section */

/* Begin PBXGroup section */
		F104DB7A19F9F31200C964B3 /* PriceList */ = {
			isa = PBXGroup;
			children = (
				F14AC27819DEDEE6002BCC98 /* PriceViewController.m */,
				F14AC27719DEDEE6002BCC98 /* PriceViewController.h */,
			);
			name = PriceList;
			sourceTree = "<group>";
		};
		F104DB7B19F9F33300C964B3 /* ServiceInfo */ = {
			isa = PBXGroup;
			children = (
				F14AC28019DEDEFE002BCC98 /* ServiceInfoViewController.h */,
				F14AC28119DEDEFE002BCC98 /* ServiceInfoViewController.m */,
			);
			name = ServiceInfo;
			sourceTree = "<group>";
		};
		F133210B19F3279C00C52D20 /* Order */ = {
			isa = PBXGroup;
			children = (
				F14AC26019DE9AB8002BCC98 /* OrderViewController.h */,
				F14AC26119DE9AB8002BCC98 /* OrderViewController.m */,
				F113748719F78ED500E9A27F /* PickupDatePickerViewController.h */,
				F113748819F78ED500E9A27F /* PickupDatePickerViewController.m */,
				F113748419F78DA700E9A27F /* DeliverDatePickerViewController.h */,
				F113748519F78DA700E9A27F /* DeliverDatePickerViewController.m */,
				F19DE12B19EEF4EF004B60E7 /* ChooseLaundryViewController.h */,
				F19DE12C19EEF4EF004B60E7 /* ChooseLaundryViewController.m */,
				F133214519F3415500C52D20 /* ChooseOtherLaundryViewController.h */,
				F133214619F3415500C52D20 /* ChooseOtherLaundryViewController.m */,
			);
			name = Order;
			sourceTree = "<group>";
		};
		F133210D19F340AE00C52D20 /* Resources */ = {
			isa = PBXGroup;
			children = (
				F182336919F94559008E6510 /* ic_coupon_facebook@2x.png */,
				F182336A19F94559008E6510 /* ic_coupon_kakao@2x.png */,
				F182336719F93582008E6510 /* ic_launcher@2x.png */,
				F133217D19F64E7000C52D20 /* bg_coupon@2x.png */,
				F133217919F5EC7200C52D20 /* LaunchScreen_White.jpg */,
				F133215819F4604F00C52D20 /* orderStatusIcon */,
				F133215719F4604400C52D20 /* tabbarIcon */,
				F133215619F4603000C52D20 /* laundryIcon */,
				F133211519F340AE00C52D20 /* ic_edit */,
			);
			path = Resources;
			sourceTree = "<group>";
		};
		F133211519F340AE00C52D20 /* ic_edit */ = {
			isa = PBXGroup;
			children = (
				F133211619F340AE00C52D20 /* ic_menu_coupon_01@2x.png */,
				F133211719F340AE00C52D20 /* ic_menu_coupon_02@2x.png */,
				F133211819F340AE00C52D20 /* ic_menu_order_01@2x.png */,
				F133211919F340AE00C52D20 /* ic_menu_order_02@2x.png */,
				F133211A19F340AE00C52D20 /* ic_menu_pricelist_01@2x.png */,
				F133211B19F340AE00C52D20 /* ic_menu_pricelist_02@2x.png */,
				F133211C19F340AE00C52D20 /* ic_menu_progress_01@2x.png */,
				F133211D19F340AE00C52D20 /* ic_menu_progress_02@2x.png */,
			);
			path = ic_edit;
			sourceTree = "<group>";
		};
		F133214819F344CB00C52D20 /* Order_ChooseLaundry */ = {
			isa = PBXGroup;
			children = (
				F133214919F344E100C52D20 /* CBOrderTableViewCell.h */,
				F133214A19F344E100C52D20 /* CBOrderTableViewCell.m */,
				F133214C19F35FAE00C52D20 /* CBTotalPriceView.h */,
				F133214D19F35FAE00C52D20 /* CBTotalPriceView.m */,
			);
			name = Order_ChooseLaundry;
			sourceTree = "<group>";
		};
		F133215619F4603000C52D20 /* laundryIcon */ = {
			isa = PBXGroup;
			children = (
				F133215419F432C100C52D20 /* bg_coupon@2x.png */,
				F133210E19F340AE00C52D20 /* ic_calc_blouse@2x.png */,
				F133210F19F340AE00C52D20 /* ic_calc_coat@2x.png */,
				F133211019F340AE00C52D20 /* ic_calc_etc@2x.png */,
				F133211119F340AE00C52D20 /* ic_calc_onepiece@2x.png */,
				F133211219F340AE00C52D20 /* ic_calc_skirtpants@2x.png */,
				F133211319F340AE00C52D20 /* ic_calc_suit@2x.png */,
				F133211419F340AE00C52D20 /* ic_calc_yshirt@2x.png */,
			);
			name = laundryIcon;
			sourceTree = "<group>";
		};
		F133215719F4604400C52D20 /* tabbarIcon */ = {
			isa = PBXGroup;
			children = (
				F182336519F92674008E6510 /* tab_service_after@2x.png */,
				F133211E19F340AE00C52D20 /* tab_account.png */,
				F133211F19F340AE00C52D20 /* tab_account@2x.png */,
				F133212019F340AE00C52D20 /* tab_coupon.png */,
				F133212119F340AE00C52D20 /* tab_coupon@2x.png */,
				F133212219F340AE00C52D20 /* tab_order.png */,
				F133212319F340AE00C52D20 /* tab_order@2x.png */,
				F133212419F340AE00C52D20 /* tab_price.png */,
				F133212519F340AE00C52D20 /* tab_price@2x.png */,
				F133212619F340AE00C52D20 /* tab_progress.png */,
				F133212719F340AE00C52D20 /* tab_progress@2x.png */,
				F133212819F340AE00C52D20 /* tab_service.png */,
				F133212919F340AE00C52D20 /* tab_service@2x.png */,
			);
			name = tabbarIcon;
			sourceTree = "<group>";
		};
		F133215819F4604F00C52D20 /* orderStatusIcon */ = {
			isa = PBXGroup;
			children = (
				F133217B19F5FE7B00C52D20 /* ic_profile_no.png */,
				F133217419F5D3A200C52D20 /* process_profile.png */,
				F133215919F4607B00C52D20 /* process_0.png */,
				F133215A19F4607B00C52D20 /* process_1.png */,
				F133215B19F4607B00C52D20 /* process_2.png */,
				F133215C19F4607B00C52D20 /* process_3.png */,
				F133215D19F4607B00C52D20 /* process_4.png */,
				F133215E19F4607B00C52D20 /* process_5.png */,
				F133215F19F4607B00C52D20 /* process_6.png */,
				F133216019F4607B00C52D20 /* process_empty.png */,
			);
			name = orderStatusIcon;
			sourceTree = "<group>";
		};
		F133216919F5973800C52D20 /* OrderStatus */ = {
			isa = PBXGroup;
			children = (
				F14AC27419DEDEDC002BCC98 /* OrderStatusViewController.h */,
				F14AC27519DEDEDC002BCC98 /* OrderStatusViewController.m */,
				F133216A19F5976D00C52D20 /* OrderDetailViewController.h */,
				F133216B19F5976D00C52D20 /* OrderDetailViewController.m */,
			);
			name = OrderStatus;
			sourceTree = "<group>";
		};
		F133217019F5AB9900C52D20 /* OrderStatus */ = {
			isa = PBXGroup;
			children = (
				F133217119F5ABB300C52D20 /* CBOrderDetailTableViewCell.h */,
				F133217219F5ABB300C52D20 /* CBOrderDetailTableViewCell.m */,
			);
			name = OrderStatus;
			sourceTree = "<group>";
		};
		F133217F19F64E7A00C52D20 /* CouponTableViewCell */ = {
			isa = PBXGroup;
			children = (
				F133218019F64E9100C52D20 /* CBCouponTableViewCell.h */,
				F133218119F64E9100C52D20 /* CBCouponTableViewCell.m */,
			);
			name = CouponTableViewCell;
			sourceTree = "<group>";
		};
		F133218319F64F1400C52D20 /* CouponShare */ = {
			isa = PBXGroup;
			children = (
				F14AC27D19DEDEF7002BCC98 /* CouponShareViewController.h */,
				F14AC27E19DEDEF7002BCC98 /* CouponShareViewController.m */,
				F133218419F64F6700C52D20 /* CouponListViewController.h */,
				F133218519F64F6700C52D20 /* CouponListViewController.m */,
			);
			name = CouponShare;
			sourceTree = "<group>";
		};
		F14AC22819DE7E00002BCC98 = {
			isa = PBXGroup;
			children = (
				F182375319F951F0008E6510 /* Frameworks */,
				F133210D19F340AE00C52D20 /* Resources */,
				F14AC23319DE7E00002BCC98 /* CleanBasket */,
				F14AC25019DE7E00002BCC98 /* CleanBasketTests */,
				F14AC23219DE7E00002BCC98 /* Products */,
			);
			sourceTree = "<group>";
		};
		F14AC23219DE7E00002BCC98 /* Products */ = {
			isa = PBXGroup;
			children = (
				F14AC23119DE7E00002BCC98 /* CleanBasket.app */,
				F14AC24D19DE7E00002BCC98 /* CleanBasketTests.xctest */,
			);
			name = Products;
			sourceTree = "<group>";
		};
		F14AC23319DE7E00002BCC98 /* CleanBasket */ = {
			isa = PBXGroup;
			children = (
				F14AC26619DEA2B4002BCC98 /* Util */,
				F14AC25F19DE7F2E002BCC98 /* Controller */,
				F14AC25D19DE7F26002BCC98 /* Model */,
				F14AC23819DE7E00002BCC98 /* AppDelegate.h */,
				F14AC23919DE7E00002BCC98 /* AppDelegate.m */,
				F14AC24419DE7E00002BCC98 /* Images.xcassets */,
				F14AC23B19DE7E00002BCC98 /* CleanBasket.xcdatamodeld */,
				F14AC23419DE7E00002BCC98 /* Supporting Files */,
			);
			path = CleanBasket;
			sourceTree = "<group>";
		};
		F14AC23419DE7E00002BCC98 /* Supporting Files */ = {
			isa = PBXGroup;
			children = (
				F14AC23519DE7E00002BCC98 /* Info.plist */,
				F14AC23619DE7E00002BCC98 /* main.m */,
			);
			name = "Supporting Files";
			sourceTree = "<group>";
		};
		F14AC25019DE7E00002BCC98 /* CleanBasketTests */ = {
			isa = PBXGroup;
			children = (
				F14AC25319DE7E00002BCC98 /* CleanBasketTests.m */,
				F14AC25119DE7E00002BCC98 /* Supporting Files */,
			);
			path = CleanBasketTests;
			sourceTree = "<group>";
		};
		F14AC25119DE7E00002BCC98 /* Supporting Files */ = {
			isa = PBXGroup;
			children = (
				F14AC25219DE7E00002BCC98 /* Info.plist */,
			);
			name = "Supporting Files";
			sourceTree = "<group>";
		};
		F14AC25D19DE7F26002BCC98 /* Model */ = {
			isa = PBXGroup;
			children = (
				F111445119EEDD7A00C637AB /* User.h */,
				F111445219EEDD7A00C637AB /* User.m */,
				F111445419EEDDD500C637AB /* Address.h */,
				F111445519EEDDD500C637AB /* Address.m */,
				F193DA1319EC03930051C32A /* DTOManager.h */,
				F193DA1419EC03930051C32A /* DTOManager.m */,
				F19DE12719EEF386004B60E7 /* Order.h */,
				F19DE12819EEF386004B60E7 /* Order.m */,
				F19DE13D19EEFC8D004B60E7 /* Item.h */,
				F19DE13E19EEFC8D004B60E7 /* Item.m */,
				F19DE14019EEFCE6004B60E7 /* Coupon.h */,
				F19DE14119EEFCE6004B60E7 /* Coupon.m */,
				F19DE14319EEFD43004B60E7 /* Deliverer.h */,
				F19DE14419EEFD43004B60E7 /* Deliverer.m */,
				F133216D19F5A0B100C52D20 /* PickupInfo.h */,
				F133216E19F5A0B100C52D20 /* PickupInfo.m */,
				F104DB7E19FA2DA800C964B3 /* Item_code.h */,
				F104DB7F19FA2DA800C964B3 /* Item_code.m */,
			);
			name = Model;
			sourceTree = "<group>";
		};
		F14AC25E19DE7F2C002BCC98 /* View */ = {
			isa = PBXGroup;
			children = (
				F133217F19F64E7A00C52D20 /* CouponTableViewCell */,
				F133217019F5AB9900C52D20 /* OrderStatus */,
				F133214819F344CB00C52D20 /* Order_ChooseLaundry */,
				F19DE14919EF8473004B60E7 /* RPVerticalStepper */,
				F19DE14619EF5121004B60E7 /* ALScrollViewPaging.h */,
				F19DE14719EF5121004B60E7 /* ALScrollViewPaging.m */,
				F193D9E219EA78E80051C32A /* CBLabel.h */,
				F193D9E319EA78E80051C32A /* CBLabel.m */,
				F193D9E519EA82F50051C32A /* CBTableViewCell.h */,
				F193D9E619EA82F50051C32A /* CBTableViewCell.m */,
			);
			name = View;
			sourceTree = "<group>";
		};
		F14AC25F19DE7F2E002BCC98 /* Controller */ = {
			isa = PBXGroup;
			children = (
				F14AC27219DED5B9002BCC98 /* MainControllers */,
				F14AC27319DED5BD002BCC98 /* TabBarControllers */,
				F14AC25E19DE7F2C002BCC98 /* View */,
			);
			name = Controller;
			sourceTree = "<group>";
		};
		F14AC26619DEA2B4002BCC98 /* Util */ = {
			isa = PBXGroup;
			children = (
				F193DA0C19EBFA050051C32A /* Categories */,
				F193DA0519EBF1750051C32A /* MBProgressHUD */,
				F193D9E819EBCBA70051C32A /* AFNetworking */,
				F14AC26719DEA2D8002BCC98 /* CBConstants.h */,
				F104DB7C19FA0DA300C964B3 /* CBConstants.m */,
				F113748D19F7FBA300E9A27F /* Keychain.h */,
				F113748E19F7FBA300E9A27F /* Keychain.m */,
			);
			name = Util;
			sourceTree = "<group>";
		};
		F14AC27219DED5B9002BCC98 /* MainControllers */ = {
			isa = PBXGroup;
			children = (
				F14AC23E19DE7E00002BCC98 /* LoginViewController.h */,
				F14AC23F19DE7E00002BCC98 /* LoginViewController.m */,
				F14AC26319DE9D9C002BCC98 /* EmailSignUpViewController.h */,
				F14AC26419DE9D9C002BCC98 /* EmailSignUpViewController.m */,
				F14AC26C19DEB579002BCC98 /* AddressInputViewController.h */,
				F14AC26D19DEB579002BCC98 /* AddressInputViewController.m */,
				F14AC26F19DED279002BCC98 /* FindPasswordViewController.h */,
				F14AC27019DED279002BCC98 /* FindPasswordViewController.m */,
				F113748119F7841000E9A27F /* TermsViewController.h */,
				F113748219F7841000E9A27F /* TermsViewController.m */,
			);
			name = MainControllers;
			sourceTree = "<group>";
		};
		F14AC27319DED5BD002BCC98 /* TabBarControllers */ = {
			isa = PBXGroup;
			children = (
				F14AC28319DEE188002BCC98 /* MyUITabBarController.h */,
				F14AC28419DEE188002BCC98 /* MyUITabBarController.m */,
				F133210B19F3279C00C52D20 /* Order */,
				F133216919F5973800C52D20 /* OrderStatus */,
				F104DB7A19F9F31200C964B3 /* PriceList */,
				F14AC27A19DEDEEC002BCC98 /* AccountViewController.h */,
				F14AC27B19DEDEEC002BCC98 /* AccountViewController.m */,
				F133218319F64F1400C52D20 /* CouponShare */,
				F104DB7B19F9F33300C964B3 /* ServiceInfo */,
			);
			name = TabBarControllers;
			sourceTree = "<group>";
		};
		F182375319F951F0008E6510 /* Frameworks */ = {
			isa = PBXGroup;
			children = (
				F1EB57231A0A19EA007929BD /* FacebookSDK.framework */,
				F1EB57211A0A19D1007929BD /* KakaoOpenSDK.framework */,
				F19DE12319EEE0CF004B60E7 /* Realm.framework */,
				F19DE12519EEE111004B60E7 /* libc++.dylib */,
				F113748A19F7F8F500E9A27F /* Security.framework */,
			);
			name = Frameworks;
			sourceTree = "<group>";
		};
		F193D9E819EBCBA70051C32A /* AFNetworking */ = {
			isa = PBXGroup;
			children = (
				F193D9E919EBCBA70051C32A /* AFHTTPRequestOperation.h */,
				F193D9EA19EBCBA70051C32A /* AFHTTPRequestOperation.m */,
				F193D9EB19EBCBA70051C32A /* AFHTTPRequestOperationManager.h */,
				F193D9EC19EBCBA70051C32A /* AFHTTPRequestOperationManager.m */,
				F193D9ED19EBCBA70051C32A /* AFHTTPSessionManager.h */,
				F193D9EE19EBCBA70051C32A /* AFHTTPSessionManager.m */,
				F193D9EF19EBCBA70051C32A /* AFNetworking.h */,
				F193D9F019EBCBA70051C32A /* AFNetworkReachabilityManager.h */,
				F193D9F119EBCBA70051C32A /* AFNetworkReachabilityManager.m */,
				F193D9F219EBCBA70051C32A /* AFSecurityPolicy.h */,
				F193D9F319EBCBA70051C32A /* AFSecurityPolicy.m */,
				F193D9F419EBCBA70051C32A /* AFURLConnectionOperation.h */,
				F193D9F519EBCBA70051C32A /* AFURLConnectionOperation.m */,
				F193D9F619EBCBA70051C32A /* AFURLRequestSerialization.h */,
				F193D9F719EBCBA70051C32A /* AFURLRequestSerialization.m */,
				F193D9F819EBCBA70051C32A /* AFURLResponseSerialization.h */,
				F193D9F919EBCBA70051C32A /* AFURLResponseSerialization.m */,
				F193D9FA19EBCBA70051C32A /* AFURLSessionManager.h */,
				F193D9FB19EBCBA70051C32A /* AFURLSessionManager.m */,
			);
			path = AFNetworking;
			sourceTree = "<group>";
		};
		F193DA0519EBF1750051C32A /* MBProgressHUD */ = {
			isa = PBXGroup;
			children = (
				F193DA0619EBF1830051C32A /* MBProgressHUD.m */,
				F193DA0719EBF1840051C32A /* MBProgressHUD.h */,
			);
			name = MBProgressHUD;
			sourceTree = "<group>";
		};
		F193DA0C19EBFA050051C32A /* Categories */ = {
			isa = PBXGroup;
			children = (
				F182336219F91AE9008E6510 /* UILabel+FormattedText.h */,
				F182336319F91AE9008E6510 /* UILabel+FormattedText.m */,
				F193DA0919EBF9FE0051C32A /* UITextField+CleanBasket.h */,
				F193DA0A19EBF9FE0051C32A /* UITextField+CleanBasket.m */,
				F193DA0D19EBFB230051C32A /* UIView+CleanBasket.h */,
				F193DA0E19EBFB230051C32A /* UIView+CleanBasket.m */,
				F133214F19F4196600C52D20 /* NSString+CBString.h */,
				F133215019F4196600C52D20 /* NSString+CBString.m */,
				F113749019F8D46E00E9A27F /* UIView+CBView.h */,
				F113749119F8D46E00E9A27F /* UIView+CBView.m */,
			);
			name = Categories;
			sourceTree = "<group>";
		};
		F19DE14919EF8473004B60E7 /* RPVerticalStepper */ = {
			isa = PBXGroup;
			children = (
				F19DE14A19EF8473004B60E7 /* RPVerticalStepper.h */,
				F19DE14B19EF8473004B60E7 /* RPVerticalStepper.m */,
				F19DE14C19EF8473004B60E7 /* Stepper Images */,
			);
			path = RPVerticalStepper;
			sourceTree = "<group>";
		};
		F19DE14C19EF8473004B60E7 /* Stepper Images */ = {
			isa = PBXGroup;
			children = (
				F19DE14D19EF8473004B60E7 /* stepperBottomButton.png */,
				F19DE14E19EF8473004B60E7 /* stepperBottomButton@2x.png */,
				F19DE14F19EF8473004B60E7 /* stepperMinusSymbol.png */,
				F19DE15019EF8473004B60E7 /* stepperMinusSymbol@2x.png */,
				F19DE15119EF8473004B60E7 /* stepperPlusSymbol.png */,
				F19DE15219EF8473004B60E7 /* stepperPlusSymbol@2x.png */,
				F19DE15319EF8473004B60E7 /* stepperTopButton.png */,
				F19DE15419EF8473004B60E7 /* stepperTopButton@2x.png */,
			);
			path = "Stepper Images";
			sourceTree = "<group>";
		};
/* End PBXGroup section */

/* Begin PBXNativeTarget section */
		F14AC23019DE7E00002BCC98 /* CleanBasket */ = {
			isa = PBXNativeTarget;
			buildConfigurationList = F14AC25719DE7E00002BCC98 /* Build configuration list for PBXNativeTarget "CleanBasket" */;
			buildPhases = (
				F14AC22D19DE7E00002BCC98 /* Sources */,
				F14AC22E19DE7E00002BCC98 /* Frameworks */,
				F14AC22F19DE7E00002BCC98 /* Resources */,
			);
			buildRules = (
			);
			dependencies = (
			);
			name = CleanBasket;
			productName = CleanBasket;
			productReference = F14AC23119DE7E00002BCC98 /* CleanBasket.app */;
			productType = "com.apple.product-type.application";
		};
		F14AC24C19DE7E00002BCC98 /* CleanBasketTests */ = {
			isa = PBXNativeTarget;
			buildConfigurationList = F14AC25A19DE7E00002BCC98 /* Build configuration list for PBXNativeTarget "CleanBasketTests" */;
			buildPhases = (
				F14AC24919DE7E00002BCC98 /* Sources */,
				F14AC24A19DE7E00002BCC98 /* Frameworks */,
				F14AC24B19DE7E00002BCC98 /* Resources */,
			);
			buildRules = (
			);
			dependencies = (
				F14AC24F19DE7E00002BCC98 /* PBXTargetDependency */,
			);
			name = CleanBasketTests;
			productName = CleanBasketTests;
			productReference = F14AC24D19DE7E00002BCC98 /* CleanBasketTests.xctest */;
			productType = "com.apple.product-type.bundle.unit-test";
		};
/* End PBXNativeTarget section */

/* Begin PBXProject section */
		F14AC22919DE7E00002BCC98 /* Project object */ = {
			isa = PBXProject;
			attributes = {
				CLASSPREFIX = CB;
				LastUpgradeCheck = 0600;
				ORGANIZATIONNAME = WashAppKorea;
				TargetAttributes = {
					F14AC23019DE7E00002BCC98 = {
						CreatedOnToolsVersion = 6.0.1;
						DevelopmentTeam = B9UX9X862M;
					};
					F14AC24C19DE7E00002BCC98 = {
						CreatedOnToolsVersion = 6.0.1;
						TestTargetID = F14AC23019DE7E00002BCC98;
					};
				};
			};
			buildConfigurationList = F14AC22C19DE7E00002BCC98 /* Build configuration list for PBXProject "CleanBasket" */;
			compatibilityVersion = "Xcode 3.2";
			developmentRegion = English;
			hasScannedForEncodings = 0;
			knownRegions = (
				en,
				Base,
				he,
			);
			mainGroup = F14AC22819DE7E00002BCC98;
			productRefGroup = F14AC23219DE7E00002BCC98 /* Products */;
			projectDirPath = "";
			projectRoot = "";
			targets = (
				F14AC23019DE7E00002BCC98 /* CleanBasket */,
				F14AC24C19DE7E00002BCC98 /* CleanBasketTests */,
			);
		};
/* End PBXProject section */

/* Begin PBXResourcesBuildPhase section */
		F14AC22F19DE7E00002BCC98 /* Resources */ = {
			isa = PBXResourcesBuildPhase;
			buildActionMask = 2147483647;
			files = (
				F133213C19F340AE00C52D20 /* tab_coupon@2x.png in Resources */,
				F133212B19F340AE00C52D20 /* ic_calc_coat@2x.png in Resources */,
				F19DE15619EF8473004B60E7 /* stepperBottomButton.png in Resources */,
				F133213E19F340AE00C52D20 /* tab_order@2x.png in Resources */,
				F133214319F340AE00C52D20 /* tab_service.png in Resources */,
				F133213F19F340AE00C52D20 /* tab_price.png in Resources */,
				F133214419F340AE00C52D20 /* tab_service@2x.png in Resources */,
				F133214219F340AE00C52D20 /* tab_progress@2x.png in Resources */,
				F133213719F340AE00C52D20 /* ic_menu_progress_01@2x.png in Resources */,
				F133213019F340AE00C52D20 /* ic_calc_yshirt@2x.png in Resources */,
				F133213119F340AE00C52D20 /* ic_menu_coupon_01@2x.png in Resources */,
				F133213919F340AE00C52D20 /* tab_account.png in Resources */,
				F133216719F4607B00C52D20 /* process_6.png in Resources */,
				F133213419F340AE00C52D20 /* ic_menu_order_02@2x.png in Resources */,
				F182336C19F9455A008E6510 /* ic_coupon_kakao@2x.png in Resources */,
				F182336819F93582008E6510 /* ic_launcher@2x.png in Resources */,
				F133217519F5D3A200C52D20 /* process_profile.png in Resources */,
				F133216819F4607B00C52D20 /* process_empty.png in Resources */,
				F133216219F4607B00C52D20 /* process_1.png in Resources */,
				F133214119F340AE00C52D20 /* tab_progress.png in Resources */,
				F133212A19F340AE00C52D20 /* ic_calc_blouse@2x.png in Resources */,
				F19DE15D19EF8473004B60E7 /* stepperTopButton@2x.png in Resources */,
				F133216119F4607B00C52D20 /* process_0.png in Resources */,
				F133212E19F340AE00C52D20 /* ic_calc_skirtpants@2x.png in Resources */,
				F182336619F92674008E6510 /* tab_service_after@2x.png in Resources */,
				F133213A19F340AE00C52D20 /* tab_account@2x.png in Resources */,
				F19DE15819EF8473004B60E7 /* stepperMinusSymbol.png in Resources */,
				F133212D19F340AE00C52D20 /* ic_calc_onepiece@2x.png in Resources */,
				F133213B19F340AE00C52D20 /* tab_coupon.png in Resources */,
				F14AC24519DE7E00002BCC98 /* Images.xcassets in Resources */,
				F133216319F4607B00C52D20 /* process_2.png in Resources */,
				F133216419F4607B00C52D20 /* process_3.png in Resources */,
				F19DE15C19EF8473004B60E7 /* stepperTopButton.png in Resources */,
				F19DE15719EF8473004B60E7 /* stepperBottomButton@2x.png in Resources */,
				F133212C19F340AE00C52D20 /* ic_calc_etc@2x.png in Resources */,
				F19DE15919EF8473004B60E7 /* stepperMinusSymbol@2x.png in Resources */,
				F133216619F4607B00C52D20 /* process_5.png in Resources */,
				F133214019F340AE00C52D20 /* tab_price@2x.png in Resources */,
				F133217E19F64E7000C52D20 /* bg_coupon@2x.png in Resources */,
				F19DE15A19EF8473004B60E7 /* stepperPlusSymbol.png in Resources */,
				F133213519F340AE00C52D20 /* ic_menu_pricelist_01@2x.png in Resources */,
				F133212F19F340AE00C52D20 /* ic_calc_suit@2x.png in Resources */,
				F133216519F4607B00C52D20 /* process_4.png in Resources */,
				F133217C19F5FE7B00C52D20 /* ic_profile_no.png in Resources */,
				F19DE15B19EF8473004B60E7 /* stepperPlusSymbol@2x.png in Resources */,
				F133213819F340AE00C52D20 /* ic_menu_progress_02@2x.png in Resources */,
				F133213219F340AE00C52D20 /* ic_menu_coupon_02@2x.png in Resources */,
				F133215519F432C100C52D20 /* bg_coupon@2x.png in Resources */,
				F133213D19F340AE00C52D20 /* tab_order.png in Resources */,
				F133213319F340AE00C52D20 /* ic_menu_order_01@2x.png in Resources */,
				F133213619F340AE00C52D20 /* ic_menu_pricelist_02@2x.png in Resources */,
				F133217A19F5EC7200C52D20 /* LaunchScreen_White.jpg in Resources */,
				F182336B19F94559008E6510 /* ic_coupon_facebook@2x.png in Resources */,
			);
			runOnlyForDeploymentPostprocessing = 0;
		};
		F14AC24B19DE7E00002BCC98 /* Resources */ = {
			isa = PBXResourcesBuildPhase;
			buildActionMask = 2147483647;
			files = (
			);
			runOnlyForDeploymentPostprocessing = 0;
		};
/* End PBXResourcesBuildPhase section */

/* Begin PBXSourcesBuildPhase section */
		F14AC22D19DE7E00002BCC98 /* Sources */ = {
			isa = PBXSourcesBuildPhase;
			buildActionMask = 2147483647;
			files = (
				F19DE14819EF5121004B60E7 /* ALScrollViewPaging.m in Sources */,
				F133216C19F5976D00C52D20 /* OrderDetailViewController.m in Sources */,
				F104DB8019FA2DA800C964B3 /* Item_code.m in Sources */,
				F193DA0219EBCBA70051C32A /* AFURLRequestSerialization.m in Sources */,
				F193DA0B19EBF9FE0051C32A /* UITextField+CleanBasket.m in Sources */,
				F19DE15519EF8473004B60E7 /* RPVerticalStepper.m in Sources */,
				F19DE12D19EEF4EF004B60E7 /* ChooseLaundryViewController.m in Sources */,
				F133214B19F344E100C52D20 /* CBOrderTableViewCell.m in Sources */,
				F193DA0119EBCBA70051C32A /* AFURLConnectionOperation.m in Sources */,
				F14AC23D19DE7E00002BCC98 /* CleanBasket.xcdatamodeld in Sources */,
				F14AC26219DE9AB8002BCC98 /* OrderViewController.m in Sources */,
				F113749219F8D46E00E9A27F /* UIView+CBView.m in Sources */,
				F133218219F64E9100C52D20 /* CBCouponTableViewCell.m in Sources */,
				F193DA0419EBCBA70051C32A /* AFURLSessionManager.m in Sources */,
				F193DA0819EBF1840051C32A /* MBProgressHUD.m in Sources */,
				F193D9E719EA82F50051C32A /* CBTableViewCell.m in Sources */,
				F111445619EEDDD500C637AB /* Address.m in Sources */,
				F14AC23A19DE7E00002BCC98 /* AppDelegate.m in Sources */,
				F193DA0019EBCBA70051C32A /* AFSecurityPolicy.m in Sources */,
				F133218619F64F6700C52D20 /* CouponListViewController.m in Sources */,
				F113748619F78DA700E9A27F /* DeliverDatePickerViewController.m in Sources */,
				F19DE13F19EEFC8D004B60E7 /* Item.m in Sources */,
				F193D9FC19EBCBA70051C32A /* AFHTTPRequestOperation.m in Sources */,
				F104DB7D19FA0DA300C964B3 /* CBConstants.m in Sources */,
				F133214719F3415500C52D20 /* ChooseOtherLaundryViewController.m in Sources */,
				F14AC26519DE9D9C002BCC98 /* EmailSignUpViewController.m in Sources */,
				F14AC27119DED279002BCC98 /* FindPasswordViewController.m in Sources */,
				F14AC26E19DEB579002BCC98 /* AddressInputViewController.m in Sources */,
				F19DE14219EEFCE6004B60E7 /* Coupon.m in Sources */,
				F193DA0F19EBFB230051C32A /* UIView+CleanBasket.m in Sources */,
				F14AC27F19DEDEF7002BCC98 /* CouponShareViewController.m in Sources */,
				F19DE14519EEFD43004B60E7 /* Deliverer.m in Sources */,
				F14AC24019DE7E00002BCC98 /* LoginViewController.m in Sources */,
				F133216F19F5A0B100C52D20 /* PickupInfo.m in Sources */,
				F133214E19F35FAE00C52D20 /* CBTotalPriceView.m in Sources */,
				F14AC27919DEDEE6002BCC98 /* PriceViewController.m in Sources */,
				F193D9FE19EBCBA70051C32A /* AFHTTPSessionManager.m in Sources */,
				F14AC28519DEE188002BCC98 /* MyUITabBarController.m in Sources */,
				F111445319EEDD7A00C637AB /* User.m in Sources */,
				F14AC27619DEDEDC002BCC98 /* OrderStatusViewController.m in Sources */,
				F193D9FD19EBCBA70051C32A /* AFHTTPRequestOperationManager.m in Sources */,
				F193D9E419EA78E80051C32A /* CBLabel.m in Sources */,
				F14AC28219DEDEFE002BCC98 /* ServiceInfoViewController.m in Sources */,
				F133215119F4196600C52D20 /* NSString+CBString.m in Sources */,
				F14AC27C19DEDEEC002BCC98 /* AccountViewController.m in Sources */,
				F193D9FF19EBCBA70051C32A /* AFNetworkReachabilityManager.m in Sources */,
				F113748319F7841000E9A27F /* TermsViewController.m in Sources */,
				F193DA1519EC03930051C32A /* DTOManager.m in Sources */,
				F193DA0319EBCBA70051C32A /* AFURLResponseSerialization.m in Sources */,
				F113748919F78ED500E9A27F /* PickupDatePickerViewController.m in Sources */,
				F19DE12919EEF386004B60E7 /* Order.m in Sources */,
				F182336419F91AE9008E6510 /* UILabel+FormattedText.m in Sources */,
				F113748F19F7FBA300E9A27F /* Keychain.m in Sources */,
				F14AC23719DE7E00002BCC98 /* main.m in Sources */,
				F133217319F5ABB300C52D20 /* CBOrderDetailTableViewCell.m in Sources */,
			);
			runOnlyForDeploymentPostprocessing = 0;
		};
		F14AC24919DE7E00002BCC98 /* Sources */ = {
			isa = PBXSourcesBuildPhase;
			buildActionMask = 2147483647;
			files = (
				F14AC25419DE7E00002BCC98 /* CleanBasketTests.m in Sources */,
			);
			runOnlyForDeploymentPostprocessing = 0;
		};
/* End PBXSourcesBuildPhase section */

/* Begin PBXTargetDependency section */
		F14AC24F19DE7E00002BCC98 /* PBXTargetDependency */ = {
			isa = PBXTargetDependency;
			target = F14AC23019DE7E00002BCC98 /* CleanBasket */;
			targetProxy = F14AC24E19DE7E00002BCC98 /* PBXContainerItemProxy */;
		};
/* End PBXTargetDependency section */

/* Begin XCBuildConfiguration section */
		F14AC25519DE7E00002BCC98 /* Debug */ = {
			isa = XCBuildConfiguration;
			buildSettings = {
				ALWAYS_SEARCH_USER_PATHS = NO;
				CLANG_CXX_LANGUAGE_STANDARD = "gnu++0x";
				CLANG_CXX_LIBRARY = "libc++";
				CLANG_ENABLE_MODULES = YES;
				CLANG_ENABLE_OBJC_ARC = YES;
				CLANG_WARN_BOOL_CONVERSION = YES;
				CLANG_WARN_CONSTANT_CONVERSION = YES;
				CLANG_WARN_DIRECT_OBJC_ISA_USAGE = YES_ERROR;
				CLANG_WARN_EMPTY_BODY = YES;
				CLANG_WARN_ENUM_CONVERSION = YES;
				CLANG_WARN_INT_CONVERSION = YES;
				CLANG_WARN_OBJC_ROOT_CLASS = YES_ERROR;
				CLANG_WARN_UNREACHABLE_CODE = YES;
				CLANG_WARN__DUPLICATE_METHOD_MATCH = YES;
				"CODE_SIGN_IDENTITY[sdk=iphoneos*]" = "iPhone Developer";
				COPY_PHASE_STRIP = NO;
				ENABLE_STRICT_OBJC_MSGSEND = YES;
				GCC_C_LANGUAGE_STANDARD = gnu99;
				GCC_DYNAMIC_NO_PIC = NO;
				GCC_OPTIMIZATION_LEVEL = 0;
				GCC_PREPROCESSOR_DEFINITIONS = (
					"DEBUG=1",
					"$(inherited)",
				);
				GCC_SYMBOLS_PRIVATE_EXTERN = NO;
				GCC_WARN_64_TO_32_BIT_CONVERSION = YES;
				GCC_WARN_ABOUT_RETURN_TYPE = YES_ERROR;
				GCC_WARN_UNDECLARED_SELECTOR = YES;
				GCC_WARN_UNINITIALIZED_AUTOS = YES_AGGRESSIVE;
				GCC_WARN_UNUSED_FUNCTION = YES;
				GCC_WARN_UNUSED_VARIABLE = YES;
				IPHONEOS_DEPLOYMENT_TARGET = 8.0;
				MTL_ENABLE_DEBUG_INFO = YES;
				ONLY_ACTIVE_ARCH = YES;
				SDKROOT = iphoneos;
			};
			name = Debug;
		};
		F14AC25619DE7E00002BCC98 /* Release */ = {
			isa = XCBuildConfiguration;
			buildSettings = {
				ALWAYS_SEARCH_USER_PATHS = NO;
				CLANG_CXX_LANGUAGE_STANDARD = "gnu++0x";
				CLANG_CXX_LIBRARY = "libc++";
				CLANG_ENABLE_MODULES = YES;
				CLANG_ENABLE_OBJC_ARC = YES;
				CLANG_WARN_BOOL_CONVERSION = YES;
				CLANG_WARN_CONSTANT_CONVERSION = YES;
				CLANG_WARN_DIRECT_OBJC_ISA_USAGE = YES_ERROR;
				CLANG_WARN_EMPTY_BODY = YES;
				CLANG_WARN_ENUM_CONVERSION = YES;
				CLANG_WARN_INT_CONVERSION = YES;
				CLANG_WARN_OBJC_ROOT_CLASS = YES_ERROR;
				CLANG_WARN_UNREACHABLE_CODE = YES;
				CLANG_WARN__DUPLICATE_METHOD_MATCH = YES;
				"CODE_SIGN_IDENTITY[sdk=iphoneos*]" = "iPhone Developer";
				COPY_PHASE_STRIP = YES;
				ENABLE_NS_ASSERTIONS = NO;
				ENABLE_STRICT_OBJC_MSGSEND = YES;
				GCC_C_LANGUAGE_STANDARD = gnu99;
				GCC_WARN_64_TO_32_BIT_CONVERSION = YES;
				GCC_WARN_ABOUT_RETURN_TYPE = YES_ERROR;
				GCC_WARN_UNDECLARED_SELECTOR = YES;
				GCC_WARN_UNINITIALIZED_AUTOS = YES_AGGRESSIVE;
				GCC_WARN_UNUSED_FUNCTION = YES;
				GCC_WARN_UNUSED_VARIABLE = YES;
				IPHONEOS_DEPLOYMENT_TARGET = 8.0;
				MTL_ENABLE_DEBUG_INFO = NO;
				SDKROOT = iphoneos;
				VALIDATE_PRODUCT = YES;
			};
			name = Release;
		};
		F14AC25819DE7E00002BCC98 /* Debug */ = {
			isa = XCBuildConfiguration;
			buildSettings = {
				ASSETCATALOG_COMPILER_APPICON_NAME = AppIcon;
				ASSETCATALOG_COMPILER_LAUNCHIMAGE_NAME = LaunchImage;
				CODE_SIGN_IDENTITY = "iPhone Developer";
				"CODE_SIGN_IDENTITY[sdk=iphoneos*]" = "iPhone Developer";
				FRAMEWORK_SEARCH_PATHS = (
					"$(inherited)",
					"$(PROJECT_DIR)",
					"$(PROJECT_DIR)/FacebookSDK",
					"$(PROJECT_DIR)/FacebookSDK/FBAudienceNetwork",
					/Users/Woonohyo/Documents/FacebookSDK,
					"/Users/Woonohyo/Documents/Development/iOS/kakao-ios-sdk-1.0.22",
					/Users/Woonohyo/Documents/Development/iOS/FacebookSDK,
				);
				INFOPLIST_FILE = CleanBasket/Info.plist;
				IPHONEOS_DEPLOYMENT_TARGET = 7.0;
				LD_RUNPATH_SEARCH_PATHS = "$(inherited) @executable_path/Frameworks";
				OTHER_LDFLAGS = (
					"-force_load",
					"$(SRCROOT)/KakaoOpenSDK.framework/KakaoOpenSDK",
				);
				PRODUCT_NAME = CleanBasket;
				PROVISIONING_PROFILE = "";
				TARGETED_DEVICE_FAMILY = 1;
			};
			name = Debug;
		};
		F14AC25919DE7E00002BCC98 /* Release */ = {
			isa = XCBuildConfiguration;
			buildSettings = {
				ASSETCATALOG_COMPILER_APPICON_NAME = AppIcon;
				ASSETCATALOG_COMPILER_LAUNCHIMAGE_NAME = LaunchImage;
				CODE_SIGN_IDENTITY = "iPhone Developer";
				"CODE_SIGN_IDENTITY[sdk=iphoneos*]" = "iPhone Developer";
				FRAMEWORK_SEARCH_PATHS = (
					"$(inherited)",
					"$(PROJECT_DIR)",
					"$(PROJECT_DIR)/FacebookSDK",
					"$(PROJECT_DIR)/FacebookSDK/FBAudienceNetwork",
					/Users/Woonohyo/Documents/FacebookSDK,
					"/Users/Woonohyo/Documents/Development/iOS/kakao-ios-sdk-1.0.22",
					/Users/Woonohyo/Documents/Development/iOS/FacebookSDK,
				);
				INFOPLIST_FILE = CleanBasket/Info.plist;
				IPHONEOS_DEPLOYMENT_TARGET = 7.0;
				LD_RUNPATH_SEARCH_PATHS = "$(inherited) @executable_path/Frameworks";
				OTHER_LDFLAGS = (
					"-force_load",
					"$(SRCROOT)/KakaoOpenSDK.framework/KakaoOpenSDK",
				);
				PRODUCT_NAME = CleanBasket;
				PROVISIONING_PROFILE = "";
				TARGETED_DEVICE_FAMILY = 1;
			};
			name = Release;
		};
		F14AC25B19DE7E00002BCC98 /* Debug */ = {
			isa = XCBuildConfiguration;
			buildSettings = {
				BUNDLE_LOADER = "$(TEST_HOST)";
				FRAMEWORK_SEARCH_PATHS = (
					"$(SDKROOT)/Developer/Library/Frameworks",
					"$(inherited)",
				);
				GCC_PREPROCESSOR_DEFINITIONS = (
					"DEBUG=1",
					"$(inherited)",
				);
				INFOPLIST_FILE = CleanBasketTests/Info.plist;
				LD_RUNPATH_SEARCH_PATHS = "$(inherited) @executable_path/Frameworks @loader_path/Frameworks";
				PRODUCT_NAME = CleanBasketTests;
				TEST_HOST = "$(BUILT_PRODUCTS_DIR)/CleanBasket.app/CleanBasket";
			};
			name = Debug;
		};
		F14AC25C19DE7E00002BCC98 /* Release */ = {
			isa = XCBuildConfiguration;
			buildSettings = {
				BUNDLE_LOADER = "$(TEST_HOST)";
				FRAMEWORK_SEARCH_PATHS = (
					"$(SDKROOT)/Developer/Library/Frameworks",
					"$(inherited)",
				);
				INFOPLIST_FILE = CleanBasketTests/Info.plist;
				LD_RUNPATH_SEARCH_PATHS = "$(inherited) @executable_path/Frameworks @loader_path/Frameworks";
				PRODUCT_NAME = CleanBasketTests;
				TEST_HOST = "$(BUILT_PRODUCTS_DIR)/CleanBasket.app/CleanBasket";
			};
			name = Release;
		};
/* End XCBuildConfiguration section */

/* Begin XCConfigurationList section */
		F14AC22C19DE7E00002BCC98 /* Build configuration list for PBXProject "CleanBasket" */ = {
			isa = XCConfigurationList;
			buildConfigurations = (
				F14AC25519DE7E00002BCC98 /* Debug */,
				F14AC25619DE7E00002BCC98 /* Release */,
			);
			defaultConfigurationIsVisible = 0;
			defaultConfigurationName = Release;
		};
		F14AC25719DE7E00002BCC98 /* Build configuration list for PBXNativeTarget "CleanBasket" */ = {
			isa = XCConfigurationList;
			buildConfigurations = (
				F14AC25819DE7E00002BCC98 /* Debug */,
				F14AC25919DE7E00002BCC98 /* Release */,
			);
			defaultConfigurationIsVisible = 0;
			defaultConfigurationName = Release;
		};
		F14AC25A19DE7E00002BCC98 /* Build configuration list for PBXNativeTarget "CleanBasketTests" */ = {
			isa = XCConfigurationList;
			buildConfigurations = (
				F14AC25B19DE7E00002BCC98 /* Debug */,
				F14AC25C19DE7E00002BCC98 /* Release */,
			);
			defaultConfigurationIsVisible = 0;
			defaultConfigurationName = Release;
		};
/* End XCConfigurationList section */

/* Begin XCVersionGroup section */
		F14AC23B19DE7E00002BCC98 /* CleanBasket.xcdatamodeld */ = {
			isa = XCVersionGroup;
			children = (
				F14AC23C19DE7E00002BCC98 /* CleanBasket.xcdatamodel */,
			);
			currentVersion = F14AC23C19DE7E00002BCC98 /* CleanBasket.xcdatamodel */;
			path = CleanBasket.xcdatamodeld;
			sourceTree = "<group>";
			versionGroupType = wrapper.xcdatamodel;
		};
/* End XCVersionGroup section */
	};
	rootObject = F14AC22919DE7E00002BCC98 /* Project object */;
}
